// !$*UTF8*$!
{
	archiveVersion = 1;
	classes = {
	};
	objectVersion = 46;
	objects = {

/* Begin PBXBuildFile section */
		3B2796C221748D5800C6DA28 /* FileHelper.cpp in Sources */ = {isa = PBXBuildFile; fileRef = 3B2796C021748D5800C6DA28 /* FileHelper.cpp */; };
		3B2796C82175965100C6DA28 /* RandomHelper.cpp in Sources */ = {isa = PBXBuildFile; fileRef = 3B2796C62175965100C6DA28 /* RandomHelper.cpp */; };
		3B2796CB2175D43900C6DA28 /* Camera.cpp in Sources */ = {isa = PBXBuildFile; fileRef = 3B2796C92175D43900C6DA28 /* Camera.cpp */; };
		3B2796D1217983D200C6DA28 /* Mesh.cpp in Sources */ = {isa = PBXBuildFile; fileRef = 3B2796CF217983D200C6DA28 /* Mesh.cpp */; };
		3B2796D42179855B00C6DA28 /* TextureMgr.cpp in Sources */ = {isa = PBXBuildFile; fileRef = 3B2796D22179855B00C6DA28 /* TextureMgr.cpp */; };
		3B2796D7217985BD00C6DA28 /* Texture.cpp in Sources */ = {isa = PBXBuildFile; fileRef = 3B2796D5217985BD00C6DA28 /* Texture.cpp */; };
		3B27970A2179BD9600C6DA28 /* Model.cpp in Sources */ = {isa = PBXBuildFile; fileRef = 3B2797082179BD9600C6DA28 /* Model.cpp */; };
		3B27970D217D748D00C6DA28 /* CameraMgr.cpp in Sources */ = {isa = PBXBuildFile; fileRef = 3B27970B217D748D00C6DA28 /* CameraMgr.cpp */; };
		3B2D90ED21748468003AD76C /* Shader.cpp in Sources */ = {isa = PBXBuildFile; fileRef = 3B2D90EB21748468003AD76C /* Shader.cpp */; };
		3B9D676B21746C4E00246360 /* Cocoa.framework in Frameworks */ = {isa = PBXBuildFile; fileRef = 3B9D676A21746C4E00246360 /* Cocoa.framework */; };
		3B9D676D21746C5F00246360 /* CoreVideo.framework in Frameworks */ = {isa = PBXBuildFile; fileRef = 3B9D676C21746C5F00246360 /* CoreVideo.framework */; };
		3B9D676F21746C6600246360 /* IOKit.framework in Frameworks */ = {isa = PBXBuildFile; fileRef = 3B9D676E21746C6600246360 /* IOKit.framework */; };
		3B9D677121746C6F00246360 /* OpenGL.framework in Frameworks */ = {isa = PBXBuildFile; fileRef = 3B9D677021746C6F00246360 /* OpenGL.framework */; };
		3B9D689A21746DF900246360 /* glad.c in Sources */ = {isa = PBXBuildFile; fileRef = 3B9D677B21746DF900246360 /* glad.c */; };
		3B9D689B21746DF900246360 /* dummy.cpp in Sources */ = {isa = PBXBuildFile; fileRef = 3B9D678821746DF900246360 /* dummy.cpp */; };
		3B9D689C21746DF900246360 /* glm.cpp in Sources */ = {isa = PBXBuildFile; fileRef = 3B9D679921746DF900246360 /* glm.cpp */; };
		3B9D689D21746DF900246360 /* main.cpp in Sources */ = {isa = PBXBuildFile; fileRef = 3B9D689721746DF900246360 /* main.cpp */; };
		7E900CD62488164100723F60 /* libglfw.3.3.dylib in Frameworks */ = {isa = PBXBuildFile; fileRef = 7E900CD52488164100723F60 /* libglfw.3.3.dylib */; };
		7E900CD72488164100723F60 /* libglfw.3.3.dylib in Embed Libraries */ = {isa = PBXBuildFile; fileRef = 7E900CD52488164100723F60 /* libglfw.3.3.dylib */; settings = {ATTRIBUTES = (CodeSignOnCopy, ); }; };
		7E900CDA2488166200723F60 /* libassimp.5.0.0.dylib in Frameworks */ = {isa = PBXBuildFile; fileRef = 7E900CD92488166200723F60 /* libassimp.5.0.0.dylib */; };
		7E900CDB2488166200723F60 /* libassimp.5.0.0.dylib in Embed Libraries */ = {isa = PBXBuildFile; fileRef = 7E900CD92488166200723F60 /* libassimp.5.0.0.dylib */; settings = {ATTRIBUTES = (CodeSignOnCopy, ); }; };
/* End PBXBuildFile section */

/* Begin PBXCopyFilesBuildPhase section */
		3B9D675E21746B8C00246360 /* CopyFiles */ = {
			isa = PBXCopyFilesBuildPhase;
			buildActionMask = 2147483647;
			dstPath = /usr/share/man/man1/;
			dstSubfolderSpec = 0;
			files = (
			);
			runOnlyForDeploymentPostprocessing = 1;
		};
		7E900CD82488164100723F60 /* Embed Libraries */ = {
			isa = PBXCopyFilesBuildPhase;
			buildActionMask = 2147483647;
			dstPath = "";
			dstSubfolderSpec = 10;
			files = (
				7E900CDB2488166200723F60 /* libassimp.5.0.0.dylib in Embed Libraries */,
				7E900CD72488164100723F60 /* libglfw.3.3.dylib in Embed Libraries */,
			);
			name = "Embed Libraries";
			runOnlyForDeploymentPostprocessing = 0;
		};
/* End PBXCopyFilesBuildPhase section */

/* Begin PBXFileReference section */
		3B2796BF21748C2A00C6DA28 /* Define.hpp */ = {isa = PBXFileReference; fileEncoding = 4; lastKnownFileType = sourcecode.cpp.h; path = Define.hpp; sourceTree = "<group>"; };
		3B2796C021748D5800C6DA28 /* FileHelper.cpp */ = {isa = PBXFileReference; fileEncoding = 4; lastKnownFileType = sourcecode.cpp.cpp; path = FileHelper.cpp; sourceTree = "<group>"; };
		3B2796C121748D5800C6DA28 /* FileHelper.hpp */ = {isa = PBXFileReference; fileEncoding = 4; lastKnownFileType = sourcecode.cpp.h; path = FileHelper.hpp; sourceTree = "<group>"; };
		3B2796C62175965100C6DA28 /* RandomHelper.cpp */ = {isa = PBXFileReference; fileEncoding = 4; lastKnownFileType = sourcecode.cpp.cpp; path = RandomHelper.cpp; sourceTree = "<group>"; };
		3B2796C72175965100C6DA28 /* RandomHelper.hpp */ = {isa = PBXFileReference; fileEncoding = 4; lastKnownFileType = sourcecode.cpp.h; path = RandomHelper.hpp; sourceTree = "<group>"; };
		3B2796C92175D43900C6DA28 /* Camera.cpp */ = {isa = PBXFileReference; fileEncoding = 4; lastKnownFileType = sourcecode.cpp.cpp; path = Camera.cpp; sourceTree = "<group>"; };
		3B2796CA2175D43900C6DA28 /* Camera.hpp */ = {isa = PBXFileReference; fileEncoding = 4; lastKnownFileType = sourcecode.cpp.h; path = Camera.hpp; sourceTree = "<group>"; };
		3B2796CF217983D200C6DA28 /* Mesh.cpp */ = {isa = PBXFileReference; fileEncoding = 4; lastKnownFileType = sourcecode.cpp.cpp; path = Mesh.cpp; sourceTree = "<group>"; };
		3B2796D0217983D200C6DA28 /* Mesh.hpp */ = {isa = PBXFileReference; fileEncoding = 4; lastKnownFileType = sourcecode.cpp.h; path = Mesh.hpp; sourceTree = "<group>"; };
		3B2796D22179855B00C6DA28 /* TextureMgr.cpp */ = {isa = PBXFileReference; fileEncoding = 4; lastKnownFileType = sourcecode.cpp.cpp; path = TextureMgr.cpp; sourceTree = "<group>"; };
		3B2796D32179855B00C6DA28 /* TextureMgr.hpp */ = {isa = PBXFileReference; fileEncoding = 4; lastKnownFileType = sourcecode.cpp.h; path = TextureMgr.hpp; sourceTree = "<group>"; };
		3B2796D5217985BD00C6DA28 /* Texture.cpp */ = {isa = PBXFileReference; fileEncoding = 4; lastKnownFileType = sourcecode.cpp.cpp; path = Texture.cpp; sourceTree = "<group>"; };
		3B2796D6217985BD00C6DA28 /* Texture.hpp */ = {isa = PBXFileReference; fileEncoding = 4; lastKnownFileType = sourcecode.cpp.h; path = Texture.hpp; sourceTree = "<group>"; };
		3B2797082179BD9600C6DA28 /* Model.cpp */ = {isa = PBXFileReference; fileEncoding = 4; lastKnownFileType = sourcecode.cpp.cpp; path = Model.cpp; sourceTree = "<group>"; };
		3B2797092179BD9600C6DA28 /* Model.hpp */ = {isa = PBXFileReference; fileEncoding = 4; lastKnownFileType = sourcecode.cpp.h; path = Model.hpp; sourceTree = "<group>"; };
		3B27970B217D748D00C6DA28 /* CameraMgr.cpp */ = {isa = PBXFileReference; fileEncoding = 4; lastKnownFileType = sourcecode.cpp.cpp; path = CameraMgr.cpp; sourceTree = "<group>"; };
		3B27970C217D748D00C6DA28 /* CameraMgr.hpp */ = {isa = PBXFileReference; fileEncoding = 4; lastKnownFileType = sourcecode.cpp.h; path = CameraMgr.hpp; sourceTree = "<group>"; };
		3B2D90EB21748468003AD76C /* Shader.cpp */ = {isa = PBXFileReference; fileEncoding = 4; lastKnownFileType = sourcecode.cpp.cpp; path = Shader.cpp; sourceTree = "<group>"; };
		3B2D90EC21748468003AD76C /* Shader.hpp */ = {isa = PBXFileReference; fileEncoding = 4; lastKnownFileType = sourcecode.cpp.h; path = Shader.hpp; sourceTree = "<group>"; };
		3B9D676021746B8C00246360 /* model_loading */ = {isa = PBXFileReference; explicitFileType = "compiled.mach-o.executable"; includeInIndex = 0; path = model_loading; sourceTree = BUILT_PRODUCTS_DIR; };
		3B9D676A21746C4E00246360 /* Cocoa.framework */ = {isa = PBXFileReference; lastKnownFileType = wrapper.framework; name = Cocoa.framework; path = System/Library/Frameworks/Cocoa.framework; sourceTree = SDKROOT; };
		3B9D676C21746C5F00246360 /* CoreVideo.framework */ = {isa = PBXFileReference; lastKnownFileType = wrapper.framework; name = CoreVideo.framework; path = System/Library/Frameworks/CoreVideo.framework; sourceTree = SDKROOT; };
		3B9D676E21746C6600246360 /* IOKit.framework */ = {isa = PBXFileReference; lastKnownFileType = wrapper.framework; name = IOKit.framework; path = System/Library/Frameworks/IOKit.framework; sourceTree = SDKROOT; };
		3B9D677021746C6F00246360 /* OpenGL.framework */ = {isa = PBXFileReference; lastKnownFileType = wrapper.framework; name = OpenGL.framework; path = System/Library/Frameworks/OpenGL.framework; sourceTree = SDKROOT; };
		3B9D677721746DF900246360 /* glad.h */ = {isa = PBXFileReference; fileEncoding = 4; lastKnownFileType = sourcecode.c.h; path = glad.h; sourceTree = "<group>"; };
		3B9D677921746DF900246360 /* khrplatform.h */ = {isa = PBXFileReference; fileEncoding = 4; lastKnownFileType = sourcecode.c.h; path = khrplatform.h; sourceTree = "<group>"; };
		3B9D677B21746DF900246360 /* glad.c */ = {isa = PBXFileReference; fileEncoding = 4; lastKnownFileType = sourcecode.c.c; path = glad.c; sourceTree = "<group>"; };
		3B9D677E21746DF900246360 /* CMakeLists.txt */ = {isa = PBXFileReference; fileEncoding = 4; lastKnownFileType = text; path = CMakeLists.txt; sourceTree = "<group>"; };
		3B9D677F21746DF900246360 /* common.hpp */ = {isa = PBXFileReference; fileEncoding = 4; lastKnownFileType = sourcecode.cpp.h; path = common.hpp; sourceTree = "<group>"; };
		3B9D678121746DF900246360 /* _features.hpp */ = {isa = PBXFileReference; fileEncoding = 4; lastKnownFileType = sourcecode.cpp.h; path = _features.hpp; sourceTree = "<group>"; };
		3B9D678221746DF900246360 /* _fixes.hpp */ = {isa = PBXFileReference; fileEncoding = 4; lastKnownFileType = sourcecode.cpp.h; path = _fixes.hpp; sourceTree = "<group>"; };
		3B9D678321746DF900246360 /* _noise.hpp */ = {isa = PBXFileReference; fileEncoding = 4; lastKnownFileType = sourcecode.cpp.h; path = _noise.hpp; sourceTree = "<group>"; };
		3B9D678421746DF900246360 /* _swizzle.hpp */ = {isa = PBXFileReference; fileEncoding = 4; lastKnownFileType = sourcecode.cpp.h; path = _swizzle.hpp; sourceTree = "<group>"; };
		3B9D678521746DF900246360 /* _swizzle_func.hpp */ = {isa = PBXFileReference; fileEncoding = 4; lastKnownFileType = sourcecode.cpp.h; path = _swizzle_func.hpp; sourceTree = "<group>"; };
		3B9D678621746DF900246360 /* _vectorize.hpp */ = {isa = PBXFileReference; fileEncoding = 4; lastKnownFileType = sourcecode.cpp.h; path = _vectorize.hpp; sourceTree = "<group>"; };
		3B9D678721746DF900246360 /* compute_vector_relational.hpp */ = {isa = PBXFileReference; fileEncoding = 4; lastKnownFileType = sourcecode.cpp.h; path = compute_vector_relational.hpp; sourceTree = "<group>"; };
		3B9D678821746DF900246360 /* dummy.cpp */ = {isa = PBXFileReference; fileEncoding = 4; lastKnownFileType = sourcecode.cpp.cpp; path = dummy.cpp; sourceTree = "<group>"; };
		3B9D678921746DF900246360 /* func_common.inl */ = {isa = PBXFileReference; fileEncoding = 4; lastKnownFileType = text; path = func_common.inl; sourceTree = "<group>"; };
		3B9D678A21746DF900246360 /* func_common_simd.inl */ = {isa = PBXFileReference; fileEncoding = 4; lastKnownFileType = text; path = func_common_simd.inl; sourceTree = "<group>"; };
		3B9D678B21746DF900246360 /* func_exponential.inl */ = {isa = PBXFileReference; fileEncoding = 4; lastKnownFileType = text; path = func_exponential.inl; sourceTree = "<group>"; };
		3B9D678C21746DF900246360 /* func_exponential_simd.inl */ = {isa = PBXFileReference; fileEncoding = 4; lastKnownFileType = text; path = func_exponential_simd.inl; sourceTree = "<group>"; };
		3B9D678D21746DF900246360 /* func_geometric.inl */ = {isa = PBXFileReference; fileEncoding = 4; lastKnownFileType = text; path = func_geometric.inl; sourceTree = "<group>"; };
		3B9D678E21746DF900246360 /* func_geometric_simd.inl */ = {isa = PBXFileReference; fileEncoding = 4; lastKnownFileType = text; path = func_geometric_simd.inl; sourceTree = "<group>"; };
		3B9D678F21746DF900246360 /* func_integer.inl */ = {isa = PBXFileReference; fileEncoding = 4; lastKnownFileType = text; path = func_integer.inl; sourceTree = "<group>"; };
		3B9D679021746DF900246360 /* func_integer_simd.inl */ = {isa = PBXFileReference; fileEncoding = 4; lastKnownFileType = text; path = func_integer_simd.inl; sourceTree = "<group>"; };
		3B9D679121746DF900246360 /* func_matrix.inl */ = {isa = PBXFileReference; fileEncoding = 4; lastKnownFileType = text; path = func_matrix.inl; sourceTree = "<group>"; };
		3B9D679221746DF900246360 /* func_matrix_simd.inl */ = {isa = PBXFileReference; fileEncoding = 4; lastKnownFileType = text; path = func_matrix_simd.inl; sourceTree = "<group>"; };
		3B9D679321746DF900246360 /* func_packing.inl */ = {isa = PBXFileReference; fileEncoding = 4; lastKnownFileType = text; path = func_packing.inl; sourceTree = "<group>"; };
		3B9D679421746DF900246360 /* func_packing_simd.inl */ = {isa = PBXFileReference; fileEncoding = 4; lastKnownFileType = text; path = func_packing_simd.inl; sourceTree = "<group>"; };
		3B9D679521746DF900246360 /* func_trigonometric.inl */ = {isa = PBXFileReference; fileEncoding = 4; lastKnownFileType = text; path = func_trigonometric.inl; sourceTree = "<group>"; };
		3B9D679621746DF900246360 /* func_trigonometric_simd.inl */ = {isa = PBXFileReference; fileEncoding = 4; lastKnownFileType = text; path = func_trigonometric_simd.inl; sourceTree = "<group>"; };
		3B9D679721746DF900246360 /* func_vector_relational.inl */ = {isa = PBXFileReference; fileEncoding = 4; lastKnownFileType = text; path = func_vector_relational.inl; sourceTree = "<group>"; };
		3B9D679821746DF900246360 /* func_vector_relational_simd.inl */ = {isa = PBXFileReference; fileEncoding = 4; lastKnownFileType = text; path = func_vector_relational_simd.inl; sourceTree = "<group>"; };
		3B9D679921746DF900246360 /* glm.cpp */ = {isa = PBXFileReference; fileEncoding = 4; lastKnownFileType = sourcecode.cpp.cpp; path = glm.cpp; sourceTree = "<group>"; };
		3B9D679A21746DF900246360 /* qualifier.hpp */ = {isa = PBXFileReference; fileEncoding = 4; lastKnownFileType = sourcecode.cpp.h; path = qualifier.hpp; sourceTree = "<group>"; };
		3B9D679B21746DF900246360 /* setup.hpp */ = {isa = PBXFileReference; fileEncoding = 4; lastKnownFileType = sourcecode.cpp.h; path = setup.hpp; sourceTree = "<group>"; };
		3B9D679C21746DF900246360 /* type_float.hpp */ = {isa = PBXFileReference; fileEncoding = 4; lastKnownFileType = sourcecode.cpp.h; path = type_float.hpp; sourceTree = "<group>"; };
		3B9D679D21746DF900246360 /* type_gentype.hpp */ = {isa = PBXFileReference; fileEncoding = 4; lastKnownFileType = sourcecode.cpp.h; path = type_gentype.hpp; sourceTree = "<group>"; };
		3B9D679E21746DF900246360 /* type_gentype.inl */ = {isa = PBXFileReference; fileEncoding = 4; lastKnownFileType = text; path = type_gentype.inl; sourceTree = "<group>"; };
		3B9D679F21746DF900246360 /* type_half.hpp */ = {isa = PBXFileReference; fileEncoding = 4; lastKnownFileType = sourcecode.cpp.h; path = type_half.hpp; sourceTree = "<group>"; };
		3B9D67A021746DF900246360 /* type_half.inl */ = {isa = PBXFileReference; fileEncoding = 4; lastKnownFileType = text; path = type_half.inl; sourceTree = "<group>"; };
		3B9D67A121746DF900246360 /* type_int.hpp */ = {isa = PBXFileReference; fileEncoding = 4; lastKnownFileType = sourcecode.cpp.h; path = type_int.hpp; sourceTree = "<group>"; };
		3B9D67A221746DF900246360 /* type_mat.hpp */ = {isa = PBXFileReference; fileEncoding = 4; lastKnownFileType = sourcecode.cpp.h; path = type_mat.hpp; sourceTree = "<group>"; };
		3B9D67A321746DF900246360 /* type_mat.inl */ = {isa = PBXFileReference; fileEncoding = 4; lastKnownFileType = text; path = type_mat.inl; sourceTree = "<group>"; };
		3B9D67A421746DF900246360 /* type_mat2x2.hpp */ = {isa = PBXFileReference; fileEncoding = 4; lastKnownFileType = sourcecode.cpp.h; path = type_mat2x2.hpp; sourceTree = "<group>"; };
		3B9D67A521746DF900246360 /* type_mat2x2.inl */ = {isa = PBXFileReference; fileEncoding = 4; lastKnownFileType = text; path = type_mat2x2.inl; sourceTree = "<group>"; };
		3B9D67A621746DF900246360 /* type_mat2x3.hpp */ = {isa = PBXFileReference; fileEncoding = 4; lastKnownFileType = sourcecode.cpp.h; path = type_mat2x3.hpp; sourceTree = "<group>"; };
		3B9D67A721746DF900246360 /* type_mat2x3.inl */ = {isa = PBXFileReference; fileEncoding = 4; lastKnownFileType = text; path = type_mat2x3.inl; sourceTree = "<group>"; };
		3B9D67A821746DF900246360 /* type_mat2x4.hpp */ = {isa = PBXFileReference; fileEncoding = 4; lastKnownFileType = sourcecode.cpp.h; path = type_mat2x4.hpp; sourceTree = "<group>"; };
		3B9D67A921746DF900246360 /* type_mat2x4.inl */ = {isa = PBXFileReference; fileEncoding = 4; lastKnownFileType = text; path = type_mat2x4.inl; sourceTree = "<group>"; };
		3B9D67AA21746DF900246360 /* type_mat3x2.hpp */ = {isa = PBXFileReference; fileEncoding = 4; lastKnownFileType = sourcecode.cpp.h; path = type_mat3x2.hpp; sourceTree = "<group>"; };
		3B9D67AB21746DF900246360 /* type_mat3x2.inl */ = {isa = PBXFileReference; fileEncoding = 4; lastKnownFileType = text; path = type_mat3x2.inl; sourceTree = "<group>"; };
		3B9D67AC21746DF900246360 /* type_mat3x3.hpp */ = {isa = PBXFileReference; fileEncoding = 4; lastKnownFileType = sourcecode.cpp.h; path = type_mat3x3.hpp; sourceTree = "<group>"; };
		3B9D67AD21746DF900246360 /* type_mat3x3.inl */ = {isa = PBXFileReference; fileEncoding = 4; lastKnownFileType = text; path = type_mat3x3.inl; sourceTree = "<group>"; };
		3B9D67AE21746DF900246360 /* type_mat3x4.hpp */ = {isa = PBXFileReference; fileEncoding = 4; lastKnownFileType = sourcecode.cpp.h; path = type_mat3x4.hpp; sourceTree = "<group>"; };
		3B9D67AF21746DF900246360 /* type_mat3x4.inl */ = {isa = PBXFileReference; fileEncoding = 4; lastKnownFileType = text; path = type_mat3x4.inl; sourceTree = "<group>"; };
		3B9D67B021746DF900246360 /* type_mat4x2.hpp */ = {isa = PBXFileReference; fileEncoding = 4; lastKnownFileType = sourcecode.cpp.h; path = type_mat4x2.hpp; sourceTree = "<group>"; };
		3B9D67B121746DF900246360 /* type_mat4x2.inl */ = {isa = PBXFileReference; fileEncoding = 4; lastKnownFileType = text; path = type_mat4x2.inl; sourceTree = "<group>"; };
		3B9D67B221746DF900246360 /* type_mat4x3.hpp */ = {isa = PBXFileReference; fileEncoding = 4; lastKnownFileType = sourcecode.cpp.h; path = type_mat4x3.hpp; sourceTree = "<group>"; };
		3B9D67B321746DF900246360 /* type_mat4x3.inl */ = {isa = PBXFileReference; fileEncoding = 4; lastKnownFileType = text; path = type_mat4x3.inl; sourceTree = "<group>"; };
		3B9D67B421746DF900246360 /* type_mat4x4.hpp */ = {isa = PBXFileReference; fileEncoding = 4; lastKnownFileType = sourcecode.cpp.h; path = type_mat4x4.hpp; sourceTree = "<group>"; };
		3B9D67B521746DF900246360 /* type_mat4x4.inl */ = {isa = PBXFileReference; fileEncoding = 4; lastKnownFileType = text; path = type_mat4x4.inl; sourceTree = "<group>"; };
		3B9D67B621746DF900246360 /* type_mat4x4_simd.inl */ = {isa = PBXFileReference; fileEncoding = 4; lastKnownFileType = text; path = type_mat4x4_simd.inl; sourceTree = "<group>"; };
		3B9D67B721746DF900246360 /* type_vec.hpp */ = {isa = PBXFileReference; fileEncoding = 4; lastKnownFileType = sourcecode.cpp.h; path = type_vec.hpp; sourceTree = "<group>"; };
		3B9D67B821746DF900246360 /* type_vec.inl */ = {isa = PBXFileReference; fileEncoding = 4; lastKnownFileType = text; path = type_vec.inl; sourceTree = "<group>"; };
		3B9D67B921746DF900246360 /* type_vec1.hpp */ = {isa = PBXFileReference; fileEncoding = 4; lastKnownFileType = sourcecode.cpp.h; path = type_vec1.hpp; sourceTree = "<group>"; };
		3B9D67BA21746DF900246360 /* type_vec1.inl */ = {isa = PBXFileReference; fileEncoding = 4; lastKnownFileType = text; path = type_vec1.inl; sourceTree = "<group>"; };
		3B9D67BB21746DF900246360 /* type_vec2.hpp */ = {isa = PBXFileReference; fileEncoding = 4; lastKnownFileType = sourcecode.cpp.h; path = type_vec2.hpp; sourceTree = "<group>"; };
		3B9D67BC21746DF900246360 /* type_vec2.inl */ = {isa = PBXFileReference; fileEncoding = 4; lastKnownFileType = text; path = type_vec2.inl; sourceTree = "<group>"; };
		3B9D67BD21746DF900246360 /* type_vec3.hpp */ = {isa = PBXFileReference; fileEncoding = 4; lastKnownFileType = sourcecode.cpp.h; path = type_vec3.hpp; sourceTree = "<group>"; };
		3B9D67BE21746DF900246360 /* type_vec3.inl */ = {isa = PBXFileReference; fileEncoding = 4; lastKnownFileType = text; path = type_vec3.inl; sourceTree = "<group>"; };
		3B9D67BF21746DF900246360 /* type_vec4.hpp */ = {isa = PBXFileReference; fileEncoding = 4; lastKnownFileType = sourcecode.cpp.h; path = type_vec4.hpp; sourceTree = "<group>"; };
		3B9D67C021746DF900246360 /* type_vec4.inl */ = {isa = PBXFileReference; fileEncoding = 4; lastKnownFileType = text; path = type_vec4.inl; sourceTree = "<group>"; };
		3B9D67C121746DF900246360 /* type_vec4_simd.inl */ = {isa = PBXFileReference; fileEncoding = 4; lastKnownFileType = text; path = type_vec4_simd.inl; sourceTree = "<group>"; };
		3B9D67C221746DF900246360 /* exponential.hpp */ = {isa = PBXFileReference; fileEncoding = 4; lastKnownFileType = sourcecode.cpp.h; path = exponential.hpp; sourceTree = "<group>"; };
		3B9D67C421746DF900246360 /* vec1.hpp */ = {isa = PBXFileReference; fileEncoding = 4; lastKnownFileType = sourcecode.cpp.h; path = vec1.hpp; sourceTree = "<group>"; };
		3B9D67C521746DF900246360 /* vec1.inl */ = {isa = PBXFileReference; fileEncoding = 4; lastKnownFileType = text; path = vec1.inl; sourceTree = "<group>"; };
		3B9D67C621746DF900246360 /* vector_relational.hpp */ = {isa = PBXFileReference; fileEncoding = 4; lastKnownFileType = sourcecode.cpp.h; path = vector_relational.hpp; sourceTree = "<group>"; };
		3B9D67C721746DF900246360 /* vector_relational.inl */ = {isa = PBXFileReference; fileEncoding = 4; lastKnownFileType = text; path = vector_relational.inl; sourceTree = "<group>"; };
		3B9D67C821746DF900246360 /* ext.hpp */ = {isa = PBXFileReference; fileEncoding = 4; lastKnownFileType = sourcecode.cpp.h; path = ext.hpp; sourceTree = "<group>"; };
		3B9D67C921746DF900246360 /* fwd.hpp */ = {isa = PBXFileReference; fileEncoding = 4; lastKnownFileType = sourcecode.cpp.h; path = fwd.hpp; sourceTree = "<group>"; };
		3B9D67CA21746DF900246360 /* geometric.hpp */ = {isa = PBXFileReference; fileEncoding = 4; lastKnownFileType = sourcecode.cpp.h; path = geometric.hpp; sourceTree = "<group>"; };
		3B9D67CB21746DF900246360 /* glm.hpp */ = {isa = PBXFileReference; fileEncoding = 4; lastKnownFileType = sourcecode.cpp.h; path = glm.hpp; sourceTree = "<group>"; };
		3B9D67CD21746DF900246360 /* bitfield.hpp */ = {isa = PBXFileReference; fileEncoding = 4; lastKnownFileType = sourcecode.cpp.h; path = bitfield.hpp; sourceTree = "<group>"; };
		3B9D67CE21746DF900246360 /* bitfield.inl */ = {isa = PBXFileReference; fileEncoding = 4; lastKnownFileType = text; path = bitfield.inl; sourceTree = "<group>"; };
		3B9D67CF21746DF900246360 /* color_space.hpp */ = {isa = PBXFileReference; fileEncoding = 4; lastKnownFileType = sourcecode.cpp.h; path = color_space.hpp; sourceTree = "<group>"; };
		3B9D67D021746DF900246360 /* color_space.inl */ = {isa = PBXFileReference; fileEncoding = 4; lastKnownFileType = text; path = color_space.inl; sourceTree = "<group>"; };
		3B9D67D121746DF900246360 /* constants.hpp */ = {isa = PBXFileReference; fileEncoding = 4; lastKnownFileType = sourcecode.cpp.h; path = constants.hpp; sourceTree = "<group>"; };
		3B9D67D221746DF900246360 /* constants.inl */ = {isa = PBXFileReference; fileEncoding = 4; lastKnownFileType = text; path = constants.inl; sourceTree = "<group>"; };
		3B9D67D321746DF900246360 /* epsilon.hpp */ = {isa = PBXFileReference; fileEncoding = 4; lastKnownFileType = sourcecode.cpp.h; path = epsilon.hpp; sourceTree = "<group>"; };
		3B9D67D421746DF900246360 /* epsilon.inl */ = {isa = PBXFileReference; fileEncoding = 4; lastKnownFileType = text; path = epsilon.inl; sourceTree = "<group>"; };
		3B9D67D521746DF900246360 /* integer.hpp */ = {isa = PBXFileReference; fileEncoding = 4; lastKnownFileType = sourcecode.cpp.h; path = integer.hpp; sourceTree = "<group>"; };
		3B9D67D621746DF900246360 /* integer.inl */ = {isa = PBXFileReference; fileEncoding = 4; lastKnownFileType = text; path = integer.inl; sourceTree = "<group>"; };
		3B9D67D721746DF900246360 /* matrix_access.hpp */ = {isa = PBXFileReference; fileEncoding = 4; lastKnownFileType = sourcecode.cpp.h; path = matrix_access.hpp; sourceTree = "<group>"; };
		3B9D67D821746DF900246360 /* matrix_access.inl */ = {isa = PBXFileReference; fileEncoding = 4; lastKnownFileType = text; path = matrix_access.inl; sourceTree = "<group>"; };
		3B9D67D921746DF900246360 /* matrix_integer.hpp */ = {isa = PBXFileReference; fileEncoding = 4; lastKnownFileType = sourcecode.cpp.h; path = matrix_integer.hpp; sourceTree = "<group>"; };
		3B9D67DA21746DF900246360 /* matrix_inverse.hpp */ = {isa = PBXFileReference; fileEncoding = 4; lastKnownFileType = sourcecode.cpp.h; path = matrix_inverse.hpp; sourceTree = "<group>"; };
		3B9D67DB21746DF900246360 /* matrix_inverse.inl */ = {isa = PBXFileReference; fileEncoding = 4; lastKnownFileType = text; path = matrix_inverse.inl; sourceTree = "<group>"; };
		3B9D67DC21746DF900246360 /* matrix_transform.hpp */ = {isa = PBXFileReference; fileEncoding = 4; lastKnownFileType = sourcecode.cpp.h; path = matrix_transform.hpp; sourceTree = "<group>"; };
		3B9D67DD21746DF900246360 /* matrix_transform.inl */ = {isa = PBXFileReference; fileEncoding = 4; lastKnownFileType = text; path = matrix_transform.inl; sourceTree = "<group>"; };
		3B9D67DE21746DF900246360 /* noise.hpp */ = {isa = PBXFileReference; fileEncoding = 4; lastKnownFileType = sourcecode.cpp.h; path = noise.hpp; sourceTree = "<group>"; };
		3B9D67DF21746DF900246360 /* noise.inl */ = {isa = PBXFileReference; fileEncoding = 4; lastKnownFileType = text; path = noise.inl; sourceTree = "<group>"; };
		3B9D67E021746DF900246360 /* packing.hpp */ = {isa = PBXFileReference; fileEncoding = 4; lastKnownFileType = sourcecode.cpp.h; path = packing.hpp; sourceTree = "<group>"; };
		3B9D67E121746DF900246360 /* packing.inl */ = {isa = PBXFileReference; fileEncoding = 4; lastKnownFileType = text; path = packing.inl; sourceTree = "<group>"; };
		3B9D67E221746DF900246360 /* quaternion.hpp */ = {isa = PBXFileReference; fileEncoding = 4; lastKnownFileType = sourcecode.cpp.h; path = quaternion.hpp; sourceTree = "<group>"; };
		3B9D67E321746DF900246360 /* quaternion.inl */ = {isa = PBXFileReference; fileEncoding = 4; lastKnownFileType = text; path = quaternion.inl; sourceTree = "<group>"; };
		3B9D67E421746DF900246360 /* quaternion_simd.inl */ = {isa = PBXFileReference; fileEncoding = 4; lastKnownFileType = text; path = quaternion_simd.inl; sourceTree = "<group>"; };
		3B9D67E521746DF900246360 /* random.hpp */ = {isa = PBXFileReference; fileEncoding = 4; lastKnownFileType = sourcecode.cpp.h; path = random.hpp; sourceTree = "<group>"; };
		3B9D67E621746DF900246360 /* random.inl */ = {isa = PBXFileReference; fileEncoding = 4; lastKnownFileType = text; path = random.inl; sourceTree = "<group>"; };
		3B9D67E721746DF900246360 /* reciprocal.hpp */ = {isa = PBXFileReference; fileEncoding = 4; lastKnownFileType = sourcecode.cpp.h; path = reciprocal.hpp; sourceTree = "<group>"; };
		3B9D67E821746DF900246360 /* reciprocal.inl */ = {isa = PBXFileReference; fileEncoding = 4; lastKnownFileType = text; path = reciprocal.inl; sourceTree = "<group>"; };
		3B9D67E921746DF900246360 /* round.hpp */ = {isa = PBXFileReference; fileEncoding = 4; lastKnownFileType = sourcecode.cpp.h; path = round.hpp; sourceTree = "<group>"; };
		3B9D67EA21746DF900246360 /* round.inl */ = {isa = PBXFileReference; fileEncoding = 4; lastKnownFileType = text; path = round.inl; sourceTree = "<group>"; };
		3B9D67EB21746DF900246360 /* type_aligned.hpp */ = {isa = PBXFileReference; fileEncoding = 4; lastKnownFileType = sourcecode.cpp.h; path = type_aligned.hpp; sourceTree = "<group>"; };
		3B9D67EC21746DF900246360 /* type_precision.hpp */ = {isa = PBXFileReference; fileEncoding = 4; lastKnownFileType = sourcecode.cpp.h; path = type_precision.hpp; sourceTree = "<group>"; };
		3B9D67ED21746DF900246360 /* type_precision.inl */ = {isa = PBXFileReference; fileEncoding = 4; lastKnownFileType = text; path = type_precision.inl; sourceTree = "<group>"; };
		3B9D67EE21746DF900246360 /* type_ptr.hpp */ = {isa = PBXFileReference; fileEncoding = 4; lastKnownFileType = sourcecode.cpp.h; path = type_ptr.hpp; sourceTree = "<group>"; };
		3B9D67EF21746DF900246360 /* type_ptr.inl */ = {isa = PBXFileReference; fileEncoding = 4; lastKnownFileType = text; path = type_ptr.inl; sourceTree = "<group>"; };
		3B9D67F021746DF900246360 /* ulp.hpp */ = {isa = PBXFileReference; fileEncoding = 4; lastKnownFileType = sourcecode.cpp.h; path = ulp.hpp; sourceTree = "<group>"; };
		3B9D67F121746DF900246360 /* ulp.inl */ = {isa = PBXFileReference; fileEncoding = 4; lastKnownFileType = text; path = ulp.inl; sourceTree = "<group>"; };
		3B9D67F221746DF900246360 /* vec1.hpp */ = {isa = PBXFileReference; fileEncoding = 4; lastKnownFileType = sourcecode.cpp.h; path = vec1.hpp; sourceTree = "<group>"; };
		3B9D67F321746DF900246360 /* vec1.inl */ = {isa = PBXFileReference; fileEncoding = 4; lastKnownFileType = text; path = vec1.inl; sourceTree = "<group>"; };
		3B9D67F521746DF900246360 /* associated_min_max.hpp */ = {isa = PBXFileReference; fileEncoding = 4; lastKnownFileType = sourcecode.cpp.h; path = associated_min_max.hpp; sourceTree = "<group>"; };
		3B9D67F621746DF900246360 /* associated_min_max.inl */ = {isa = PBXFileReference; fileEncoding = 4; lastKnownFileType = text; path = associated_min_max.inl; sourceTree = "<group>"; };
		3B9D67F721746DF900246360 /* bit.hpp */ = {isa = PBXFileReference; fileEncoding = 4; lastKnownFileType = sourcecode.cpp.h; path = bit.hpp; sourceTree = "<group>"; };
		3B9D67F821746DF900246360 /* bit.inl */ = {isa = PBXFileReference; fileEncoding = 4; lastKnownFileType = text; path = bit.inl; sourceTree = "<group>"; };
		3B9D67F921746DF900246360 /* closest_point.hpp */ = {isa = PBXFileReference; fileEncoding = 4; lastKnownFileType = sourcecode.cpp.h; path = closest_point.hpp; sourceTree = "<group>"; };
		3B9D67FA21746DF900246360 /* closest_point.inl */ = {isa = PBXFileReference; fileEncoding = 4; lastKnownFileType = text; path = closest_point.inl; sourceTree = "<group>"; };
		3B9D67FB21746DF900246360 /* color_encoding.hpp */ = {isa = PBXFileReference; fileEncoding = 4; lastKnownFileType = sourcecode.cpp.h; path = color_encoding.hpp; sourceTree = "<group>"; };
		3B9D67FC21746DF900246360 /* color_encoding.inl */ = {isa = PBXFileReference; fileEncoding = 4; lastKnownFileType = text; path = color_encoding.inl; sourceTree = "<group>"; };
		3B9D67FD21746DF900246360 /* color_space.hpp */ = {isa = PBXFileReference; fileEncoding = 4; lastKnownFileType = sourcecode.cpp.h; path = color_space.hpp; sourceTree = "<group>"; };
		3B9D67FE21746DF900246360 /* color_space.inl */ = {isa = PBXFileReference; fileEncoding = 4; lastKnownFileType = text; path = color_space.inl; sourceTree = "<group>"; };
		3B9D67FF21746DF900246360 /* color_space_YCoCg.hpp */ = {isa = PBXFileReference; fileEncoding = 4; lastKnownFileType = sourcecode.cpp.h; path = color_space_YCoCg.hpp; sourceTree = "<group>"; };
		3B9D680021746DF900246360 /* color_space_YCoCg.inl */ = {isa = PBXFileReference; fileEncoding = 4; lastKnownFileType = text; path = color_space_YCoCg.inl; sourceTree = "<group>"; };
		3B9D680121746DF900246360 /* common.hpp */ = {isa = PBXFileReference; fileEncoding = 4; lastKnownFileType = sourcecode.cpp.h; path = common.hpp; sourceTree = "<group>"; };
		3B9D680221746DF900246360 /* common.inl */ = {isa = PBXFileReference; fileEncoding = 4; lastKnownFileType = text; path = common.inl; sourceTree = "<group>"; };
		3B9D680321746DF900246360 /* compatibility.hpp */ = {isa = PBXFileReference; fileEncoding = 4; lastKnownFileType = sourcecode.cpp.h; path = compatibility.hpp; sourceTree = "<group>"; };
		3B9D680421746DF900246360 /* compatibility.inl */ = {isa = PBXFileReference; fileEncoding = 4; lastKnownFileType = text; path = compatibility.inl; sourceTree = "<group>"; };
		3B9D680521746DF900246360 /* component_wise.hpp */ = {isa = PBXFileReference; fileEncoding = 4; lastKnownFileType = sourcecode.cpp.h; path = component_wise.hpp; sourceTree = "<group>"; };
		3B9D680621746DF900246360 /* component_wise.inl */ = {isa = PBXFileReference; fileEncoding = 4; lastKnownFileType = text; path = component_wise.inl; sourceTree = "<group>"; };
		3B9D680721746DF900246360 /* dual_quaternion.hpp */ = {isa = PBXFileReference; fileEncoding = 4; lastKnownFileType = sourcecode.cpp.h; path = dual_quaternion.hpp; sourceTree = "<group>"; };
		3B9D680821746DF900246360 /* dual_quaternion.inl */ = {isa = PBXFileReference; fileEncoding = 4; lastKnownFileType = text; path = dual_quaternion.inl; sourceTree = "<group>"; };
		3B9D680921746DF900246360 /* easing.hpp */ = {isa = PBXFileReference; fileEncoding = 4; lastKnownFileType = sourcecode.cpp.h; path = easing.hpp; sourceTree = "<group>"; };
		3B9D680A21746DF900246360 /* easing.inl */ = {isa = PBXFileReference; fileEncoding = 4; lastKnownFileType = text; path = easing.inl; sourceTree = "<group>"; };
		3B9D680B21746DF900246360 /* euler_angles.hpp */ = {isa = PBXFileReference; fileEncoding = 4; lastKnownFileType = sourcecode.cpp.h; path = euler_angles.hpp; sourceTree = "<group>"; };
		3B9D680C21746DF900246360 /* euler_angles.inl */ = {isa = PBXFileReference; fileEncoding = 4; lastKnownFileType = text; path = euler_angles.inl; sourceTree = "<group>"; };
		3B9D680D21746DF900246360 /* extend.hpp */ = {isa = PBXFileReference; fileEncoding = 4; lastKnownFileType = sourcecode.cpp.h; path = extend.hpp; sourceTree = "<group>"; };
		3B9D680E21746DF900246360 /* extend.inl */ = {isa = PBXFileReference; fileEncoding = 4; lastKnownFileType = text; path = extend.inl; sourceTree = "<group>"; };
		3B9D680F21746DF900246360 /* extended_min_max.hpp */ = {isa = PBXFileReference; fileEncoding = 4; lastKnownFileType = sourcecode.cpp.h; path = extended_min_max.hpp; sourceTree = "<group>"; };
		3B9D681021746DF900246360 /* extended_min_max.inl */ = {isa = PBXFileReference; fileEncoding = 4; lastKnownFileType = text; path = extended_min_max.inl; sourceTree = "<group>"; };
		3B9D681121746DF900246360 /* exterior_product.hpp */ = {isa = PBXFileReference; fileEncoding = 4; lastKnownFileType = sourcecode.cpp.h; path = exterior_product.hpp; sourceTree = "<group>"; };
		3B9D681221746DF900246360 /* exterior_product.inl */ = {isa = PBXFileReference; fileEncoding = 4; lastKnownFileType = text; path = exterior_product.inl; sourceTree = "<group>"; };
		3B9D681321746DF900246360 /* fast_exponential.hpp */ = {isa = PBXFileReference; fileEncoding = 4; lastKnownFileType = sourcecode.cpp.h; path = fast_exponential.hpp; sourceTree = "<group>"; };
		3B9D681421746DF900246360 /* fast_exponential.inl */ = {isa = PBXFileReference; fileEncoding = 4; lastKnownFileType = text; path = fast_exponential.inl; sourceTree = "<group>"; };
		3B9D681521746DF900246360 /* fast_square_root.hpp */ = {isa = PBXFileReference; fileEncoding = 4; lastKnownFileType = sourcecode.cpp.h; path = fast_square_root.hpp; sourceTree = "<group>"; };
		3B9D681621746DF900246360 /* fast_square_root.inl */ = {isa = PBXFileReference; fileEncoding = 4; lastKnownFileType = text; path = fast_square_root.inl; sourceTree = "<group>"; };
		3B9D681721746DF900246360 /* fast_trigonometry.hpp */ = {isa = PBXFileReference; fileEncoding = 4; lastKnownFileType = sourcecode.cpp.h; path = fast_trigonometry.hpp; sourceTree = "<group>"; };
		3B9D681821746DF900246360 /* fast_trigonometry.inl */ = {isa = PBXFileReference; fileEncoding = 4; lastKnownFileType = text; path = fast_trigonometry.inl; sourceTree = "<group>"; };
		3B9D681921746DF900246360 /* float_notmalize.inl */ = {isa = PBXFileReference; fileEncoding = 4; lastKnownFileType = text; path = float_notmalize.inl; sourceTree = "<group>"; };
		3B9D681A21746DF900246360 /* functions.hpp */ = {isa = PBXFileReference; fileEncoding = 4; lastKnownFileType = sourcecode.cpp.h; path = functions.hpp; sourceTree = "<group>"; };
		3B9D681B21746DF900246360 /* functions.inl */ = {isa = PBXFileReference; fileEncoding = 4; lastKnownFileType = text; path = functions.inl; sourceTree = "<group>"; };
		3B9D681C21746DF900246360 /* gradient_paint.hpp */ = {isa = PBXFileReference; fileEncoding = 4; lastKnownFileType = sourcecode.cpp.h; path = gradient_paint.hpp; sourceTree = "<group>"; };
		3B9D681D21746DF900246360 /* gradient_paint.inl */ = {isa = PBXFileReference; fileEncoding = 4; lastKnownFileType = text; path = gradient_paint.inl; sourceTree = "<group>"; };
		3B9D681E21746DF900246360 /* handed_coordinate_space.hpp */ = {isa = PBXFileReference; fileEncoding = 4; lastKnownFileType = sourcecode.cpp.h; path = handed_coordinate_space.hpp; sourceTree = "<group>"; };
		3B9D681F21746DF900246360 /* handed_coordinate_space.inl */ = {isa = PBXFileReference; fileEncoding = 4; lastKnownFileType = text; path = handed_coordinate_space.inl; sourceTree = "<group>"; };
		3B9D682021746DF900246360 /* hash.hpp */ = {isa = PBXFileReference; fileEncoding = 4; lastKnownFileType = sourcecode.cpp.h; path = hash.hpp; sourceTree = "<group>"; };
		3B9D682121746DF900246360 /* hash.inl */ = {isa = PBXFileReference; fileEncoding = 4; lastKnownFileType = text; path = hash.inl; sourceTree = "<group>"; };
		3B9D682221746DF900246360 /* integer.hpp */ = {isa = PBXFileReference; fileEncoding = 4; lastKnownFileType = sourcecode.cpp.h; path = integer.hpp; sourceTree = "<group>"; };
		3B9D682321746DF900246360 /* integer.inl */ = {isa = PBXFileReference; fileEncoding = 4; lastKnownFileType = text; path = integer.inl; sourceTree = "<group>"; };
		3B9D682421746DF900246360 /* intersect.hpp */ = {isa = PBXFileReference; fileEncoding = 4; lastKnownFileType = sourcecode.cpp.h; path = intersect.hpp; sourceTree = "<group>"; };
		3B9D682521746DF900246360 /* intersect.inl */ = {isa = PBXFileReference; fileEncoding = 4; lastKnownFileType = text; path = intersect.inl; sourceTree = "<group>"; };
		3B9D682621746DF900246360 /* io.hpp */ = {isa = PBXFileReference; fileEncoding = 4; lastKnownFileType = sourcecode.cpp.h; path = io.hpp; sourceTree = "<group>"; };
		3B9D682721746DF900246360 /* io.inl */ = {isa = PBXFileReference; fileEncoding = 4; lastKnownFileType = text; path = io.inl; sourceTree = "<group>"; };
		3B9D682821746DF900246360 /* log_base.hpp */ = {isa = PBXFileReference; fileEncoding = 4; lastKnownFileType = sourcecode.cpp.h; path = log_base.hpp; sourceTree = "<group>"; };
		3B9D682921746DF900246360 /* log_base.inl */ = {isa = PBXFileReference; fileEncoding = 4; lastKnownFileType = text; path = log_base.inl; sourceTree = "<group>"; };
		3B9D682A21746DF900246360 /* matrix_cross_product.hpp */ = {isa = PBXFileReference; fileEncoding = 4; lastKnownFileType = sourcecode.cpp.h; path = matrix_cross_product.hpp; sourceTree = "<group>"; };
		3B9D682B21746DF900246360 /* matrix_cross_product.inl */ = {isa = PBXFileReference; fileEncoding = 4; lastKnownFileType = text; path = matrix_cross_product.inl; sourceTree = "<group>"; };
		3B9D682C21746DF900246360 /* matrix_decompose.hpp */ = {isa = PBXFileReference; fileEncoding = 4; lastKnownFileType = sourcecode.cpp.h; path = matrix_decompose.hpp; sourceTree = "<group>"; };
		3B9D682D21746DF900246360 /* matrix_decompose.inl */ = {isa = PBXFileReference; fileEncoding = 4; lastKnownFileType = text; path = matrix_decompose.inl; sourceTree = "<group>"; };
		3B9D682E21746DF900246360 /* matrix_factorisation.hpp */ = {isa = PBXFileReference; fileEncoding = 4; lastKnownFileType = sourcecode.cpp.h; path = matrix_factorisation.hpp; sourceTree = "<group>"; };
		3B9D682F21746DF900246360 /* matrix_factorisation.inl */ = {isa = PBXFileReference; fileEncoding = 4; lastKnownFileType = text; path = matrix_factorisation.inl; sourceTree = "<group>"; };
		3B9D683021746DF900246360 /* matrix_interpolation.hpp */ = {isa = PBXFileReference; fileEncoding = 4; lastKnownFileType = sourcecode.cpp.h; path = matrix_interpolation.hpp; sourceTree = "<group>"; };
		3B9D683121746DF900246360 /* matrix_interpolation.inl */ = {isa = PBXFileReference; fileEncoding = 4; lastKnownFileType = text; path = matrix_interpolation.inl; sourceTree = "<group>"; };
		3B9D683221746DF900246360 /* matrix_major_storage.hpp */ = {isa = PBXFileReference; fileEncoding = 4; lastKnownFileType = sourcecode.cpp.h; path = matrix_major_storage.hpp; sourceTree = "<group>"; };
		3B9D683321746DF900246360 /* matrix_major_storage.inl */ = {isa = PBXFileReference; fileEncoding = 4; lastKnownFileType = text; path = matrix_major_storage.inl; sourceTree = "<group>"; };
		3B9D683421746DF900246360 /* matrix_operation.hpp */ = {isa = PBXFileReference; fileEncoding = 4; lastKnownFileType = sourcecode.cpp.h; path = matrix_operation.hpp; sourceTree = "<group>"; };
		3B9D683521746DF900246360 /* matrix_operation.inl */ = {isa = PBXFileReference; fileEncoding = 4; lastKnownFileType = text; path = matrix_operation.inl; sourceTree = "<group>"; };
		3B9D683621746DF900246360 /* matrix_query.hpp */ = {isa = PBXFileReference; fileEncoding = 4; lastKnownFileType = sourcecode.cpp.h; path = matrix_query.hpp; sourceTree = "<group>"; };
		3B9D683721746DF900246360 /* matrix_query.inl */ = {isa = PBXFileReference; fileEncoding = 4; lastKnownFileType = text; path = matrix_query.inl; sourceTree = "<group>"; };
		3B9D683821746DF900246360 /* matrix_transform_2d.hpp */ = {isa = PBXFileReference; fileEncoding = 4; lastKnownFileType = sourcecode.cpp.h; path = matrix_transform_2d.hpp; sourceTree = "<group>"; };
		3B9D683921746DF900246360 /* matrix_transform_2d.inl */ = {isa = PBXFileReference; fileEncoding = 4; lastKnownFileType = text; path = matrix_transform_2d.inl; sourceTree = "<group>"; };
		3B9D683A21746DF900246360 /* mixed_product.hpp */ = {isa = PBXFileReference; fileEncoding = 4; lastKnownFileType = sourcecode.cpp.h; path = mixed_product.hpp; sourceTree = "<group>"; };
		3B9D683B21746DF900246360 /* mixed_product.inl */ = {isa = PBXFileReference; fileEncoding = 4; lastKnownFileType = text; path = mixed_product.inl; sourceTree = "<group>"; };
		3B9D683C21746DF900246360 /* norm.hpp */ = {isa = PBXFileReference; fileEncoding = 4; lastKnownFileType = sourcecode.cpp.h; path = norm.hpp; sourceTree = "<group>"; };
		3B9D683D21746DF900246360 /* norm.inl */ = {isa = PBXFileReference; fileEncoding = 4; lastKnownFileType = text; path = norm.inl; sourceTree = "<group>"; };
		3B9D683E21746DF900246360 /* normal.hpp */ = {isa = PBXFileReference; fileEncoding = 4; lastKnownFileType = sourcecode.cpp.h; path = normal.hpp; sourceTree = "<group>"; };
		3B9D683F21746DF900246360 /* normal.inl */ = {isa = PBXFileReference; fileEncoding = 4; lastKnownFileType = text; path = normal.inl; sourceTree = "<group>"; };
		3B9D684021746DF900246360 /* normalize_dot.hpp */ = {isa = PBXFileReference; fileEncoding = 4; lastKnownFileType = sourcecode.cpp.h; path = normalize_dot.hpp; sourceTree = "<group>"; };
		3B9D684121746DF900246360 /* normalize_dot.inl */ = {isa = PBXFileReference; fileEncoding = 4; lastKnownFileType = text; path = normalize_dot.inl; sourceTree = "<group>"; };
		3B9D684221746DF900246360 /* number_precision.hpp */ = {isa = PBXFileReference; fileEncoding = 4; lastKnownFileType = sourcecode.cpp.h; path = number_precision.hpp; sourceTree = "<group>"; };
		3B9D684321746DF900246360 /* number_precision.inl */ = {isa = PBXFileReference; fileEncoding = 4; lastKnownFileType = text; path = number_precision.inl; sourceTree = "<group>"; };
		3B9D684421746DF900246360 /* optimum_pow.hpp */ = {isa = PBXFileReference; fileEncoding = 4; lastKnownFileType = sourcecode.cpp.h; path = optimum_pow.hpp; sourceTree = "<group>"; };
		3B9D684521746DF900246360 /* optimum_pow.inl */ = {isa = PBXFileReference; fileEncoding = 4; lastKnownFileType = text; path = optimum_pow.inl; sourceTree = "<group>"; };
		3B9D684621746DF900246360 /* orthonormalize.hpp */ = {isa = PBXFileReference; fileEncoding = 4; lastKnownFileType = sourcecode.cpp.h; path = orthonormalize.hpp; sourceTree = "<group>"; };
		3B9D684721746DF900246360 /* orthonormalize.inl */ = {isa = PBXFileReference; fileEncoding = 4; lastKnownFileType = text; path = orthonormalize.inl; sourceTree = "<group>"; };
		3B9D684821746DF900246360 /* perpendicular.hpp */ = {isa = PBXFileReference; fileEncoding = 4; lastKnownFileType = sourcecode.cpp.h; path = perpendicular.hpp; sourceTree = "<group>"; };
		3B9D684921746DF900246360 /* perpendicular.inl */ = {isa = PBXFileReference; fileEncoding = 4; lastKnownFileType = text; path = perpendicular.inl; sourceTree = "<group>"; };
		3B9D684A21746DF900246360 /* polar_coordinates.hpp */ = {isa = PBXFileReference; fileEncoding = 4; lastKnownFileType = sourcecode.cpp.h; path = polar_coordinates.hpp; sourceTree = "<group>"; };
		3B9D684B21746DF900246360 /* polar_coordinates.inl */ = {isa = PBXFileReference; fileEncoding = 4; lastKnownFileType = text; path = polar_coordinates.inl; sourceTree = "<group>"; };
		3B9D684C21746DF900246360 /* projection.hpp */ = {isa = PBXFileReference; fileEncoding = 4; lastKnownFileType = sourcecode.cpp.h; path = projection.hpp; sourceTree = "<group>"; };
		3B9D684D21746DF900246360 /* projection.inl */ = {isa = PBXFileReference; fileEncoding = 4; lastKnownFileType = text; path = projection.inl; sourceTree = "<group>"; };
		3B9D684E21746DF900246360 /* quaternion.hpp */ = {isa = PBXFileReference; fileEncoding = 4; lastKnownFileType = sourcecode.cpp.h; path = quaternion.hpp; sourceTree = "<group>"; };
		3B9D684F21746DF900246360 /* quaternion.inl */ = {isa = PBXFileReference; fileEncoding = 4; lastKnownFileType = text; path = quaternion.inl; sourceTree = "<group>"; };
		3B9D685021746DF900246360 /* range.hpp */ = {isa = PBXFileReference; fileEncoding = 4; lastKnownFileType = sourcecode.cpp.h; path = range.hpp; sourceTree = "<group>"; };
		3B9D685121746DF900246360 /* raw_data.hpp */ = {isa = PBXFileReference; fileEncoding = 4; lastKnownFileType = sourcecode.cpp.h; path = raw_data.hpp; sourceTree = "<group>"; };
		3B9D685221746DF900246360 /* raw_data.inl */ = {isa = PBXFileReference; fileEncoding = 4; lastKnownFileType = text; path = raw_data.inl; sourceTree = "<group>"; };
		3B9D685321746DF900246360 /* rotate_normalized_axis.hpp */ = {isa = PBXFileReference; fileEncoding = 4; lastKnownFileType = sourcecode.cpp.h; path = rotate_normalized_axis.hpp; sourceTree = "<group>"; };
		3B9D685421746DF900246360 /* rotate_normalized_axis.inl */ = {isa = PBXFileReference; fileEncoding = 4; lastKnownFileType = text; path = rotate_normalized_axis.inl; sourceTree = "<group>"; };
		3B9D685521746DF900246360 /* rotate_vector.hpp */ = {isa = PBXFileReference; fileEncoding = 4; lastKnownFileType = sourcecode.cpp.h; path = rotate_vector.hpp; sourceTree = "<group>"; };
		3B9D685621746DF900246360 /* rotate_vector.inl */ = {isa = PBXFileReference; fileEncoding = 4; lastKnownFileType = text; path = rotate_vector.inl; sourceTree = "<group>"; };
		3B9D685721746DF900246360 /* scalar_multiplication.hpp */ = {isa = PBXFileReference; fileEncoding = 4; lastKnownFileType = sourcecode.cpp.h; path = scalar_multiplication.hpp; sourceTree = "<group>"; };
		3B9D685821746DF900246360 /* scalar_relational.hpp */ = {isa = PBXFileReference; fileEncoding = 4; lastKnownFileType = sourcecode.cpp.h; path = scalar_relational.hpp; sourceTree = "<group>"; };
		3B9D685921746DF900246360 /* scalar_relational.inl */ = {isa = PBXFileReference; fileEncoding = 4; lastKnownFileType = text; path = scalar_relational.inl; sourceTree = "<group>"; };
		3B9D685A21746DF900246360 /* spline.hpp */ = {isa = PBXFileReference; fileEncoding = 4; lastKnownFileType = sourcecode.cpp.h; path = spline.hpp; sourceTree = "<group>"; };
		3B9D685B21746DF900246360 /* spline.inl */ = {isa = PBXFileReference; fileEncoding = 4; lastKnownFileType = text; path = spline.inl; sourceTree = "<group>"; };
		3B9D685C21746DF900246360 /* std_based_type.hpp */ = {isa = PBXFileReference; fileEncoding = 4; lastKnownFileType = sourcecode.cpp.h; path = std_based_type.hpp; sourceTree = "<group>"; };
		3B9D685D21746DF900246360 /* std_based_type.inl */ = {isa = PBXFileReference; fileEncoding = 4; lastKnownFileType = text; path = std_based_type.inl; sourceTree = "<group>"; };
		3B9D685E21746DF900246360 /* string_cast.hpp */ = {isa = PBXFileReference; fileEncoding = 4; lastKnownFileType = sourcecode.cpp.h; path = string_cast.hpp; sourceTree = "<group>"; };
		3B9D685F21746DF900246360 /* string_cast.inl */ = {isa = PBXFileReference; fileEncoding = 4; lastKnownFileType = text; path = string_cast.inl; sourceTree = "<group>"; };
		3B9D686021746DF900246360 /* texture.hpp */ = {isa = PBXFileReference; fileEncoding = 4; lastKnownFileType = sourcecode.cpp.h; path = texture.hpp; sourceTree = "<group>"; };
		3B9D686121746DF900246360 /* texture.inl */ = {isa = PBXFileReference; fileEncoding = 4; lastKnownFileType = text; path = texture.inl; sourceTree = "<group>"; };
		3B9D686221746DF900246360 /* transform.hpp */ = {isa = PBXFileReference; fileEncoding = 4; lastKnownFileType = sourcecode.cpp.h; path = transform.hpp; sourceTree = "<group>"; };
		3B9D686321746DF900246360 /* transform.inl */ = {isa = PBXFileReference; fileEncoding = 4; lastKnownFileType = text; path = transform.inl; sourceTree = "<group>"; };
		3B9D686421746DF900246360 /* transform2.hpp */ = {isa = PBXFileReference; fileEncoding = 4; lastKnownFileType = sourcecode.cpp.h; path = transform2.hpp; sourceTree = "<group>"; };
		3B9D686521746DF900246360 /* transform2.inl */ = {isa = PBXFileReference; fileEncoding = 4; lastKnownFileType = text; path = transform2.inl; sourceTree = "<group>"; };
		3B9D686621746DF900246360 /* type_aligned.hpp */ = {isa = PBXFileReference; fileEncoding = 4; lastKnownFileType = sourcecode.cpp.h; path = type_aligned.hpp; sourceTree = "<group>"; };
		3B9D686721746DF900246360 /* type_aligned.inl */ = {isa = PBXFileReference; fileEncoding = 4; lastKnownFileType = text; path = type_aligned.inl; sourceTree = "<group>"; };
		3B9D686821746DF900246360 /* type_trait.hpp */ = {isa = PBXFileReference; fileEncoding = 4; lastKnownFileType = sourcecode.cpp.h; path = type_trait.hpp; sourceTree = "<group>"; };
		3B9D686921746DF900246360 /* type_trait.inl */ = {isa = PBXFileReference; fileEncoding = 4; lastKnownFileType = text; path = type_trait.inl; sourceTree = "<group>"; };
		3B9D686A21746DF900246360 /* vec_swizzle.hpp */ = {isa = PBXFileReference; fileEncoding = 4; lastKnownFileType = sourcecode.cpp.h; path = vec_swizzle.hpp; sourceTree = "<group>"; };
		3B9D686B21746DF900246360 /* vector_angle.hpp */ = {isa = PBXFileReference; fileEncoding = 4; lastKnownFileType = sourcecode.cpp.h; path = vector_angle.hpp; sourceTree = "<group>"; };
		3B9D686C21746DF900246360 /* vector_angle.inl */ = {isa = PBXFileReference; fileEncoding = 4; lastKnownFileType = text; path = vector_angle.inl; sourceTree = "<group>"; };
		3B9D686D21746DF900246360 /* vector_query.hpp */ = {isa = PBXFileReference; fileEncoding = 4; lastKnownFileType = sourcecode.cpp.h; path = vector_query.hpp; sourceTree = "<group>"; };
		3B9D686E21746DF900246360 /* vector_query.inl */ = {isa = PBXFileReference; fileEncoding = 4; lastKnownFileType = text; path = vector_query.inl; sourceTree = "<group>"; };
		3B9D686F21746DF900246360 /* wrap.hpp */ = {isa = PBXFileReference; fileEncoding = 4; lastKnownFileType = sourcecode.cpp.h; path = wrap.hpp; sourceTree = "<group>"; };
		3B9D687021746DF900246360 /* wrap.inl */ = {isa = PBXFileReference; fileEncoding = 4; lastKnownFileType = text; path = wrap.inl; sourceTree = "<group>"; };
		3B9D687121746DF900246360 /* integer.hpp */ = {isa = PBXFileReference; fileEncoding = 4; lastKnownFileType = sourcecode.cpp.h; path = integer.hpp; sourceTree = "<group>"; };
		3B9D687221746DF900246360 /* mat2x2.hpp */ = {isa = PBXFileReference; fileEncoding = 4; lastKnownFileType = sourcecode.cpp.h; path = mat2x2.hpp; sourceTree = "<group>"; };
		3B9D687321746DF900246360 /* mat2x3.hpp */ = {isa = PBXFileReference; fileEncoding = 4; lastKnownFileType = sourcecode.cpp.h; path = mat2x3.hpp; sourceTree = "<group>"; };
		3B9D687421746DF900246360 /* mat2x4.hpp */ = {isa = PBXFileReference; fileEncoding = 4; lastKnownFileType = sourcecode.cpp.h; path = mat2x4.hpp; sourceTree = "<group>"; };
		3B9D687521746DF900246360 /* mat3x2.hpp */ = {isa = PBXFileReference; fileEncoding = 4; lastKnownFileType = sourcecode.cpp.h; path = mat3x2.hpp; sourceTree = "<group>"; };
		3B9D687621746DF900246360 /* mat3x3.hpp */ = {isa = PBXFileReference; fileEncoding = 4; lastKnownFileType = sourcecode.cpp.h; path = mat3x3.hpp; sourceTree = "<group>"; };
		3B9D687721746DF900246360 /* mat3x4.hpp */ = {isa = PBXFileReference; fileEncoding = 4; lastKnownFileType = sourcecode.cpp.h; path = mat3x4.hpp; sourceTree = "<group>"; };
		3B9D687821746DF900246360 /* mat4x2.hpp */ = {isa = PBXFileReference; fileEncoding = 4; lastKnownFileType = sourcecode.cpp.h; path = mat4x2.hpp; sourceTree = "<group>"; };
		3B9D687921746DF900246360 /* mat4x3.hpp */ = {isa = PBXFileReference; fileEncoding = 4; lastKnownFileType = sourcecode.cpp.h; path = mat4x3.hpp; sourceTree = "<group>"; };
		3B9D687A21746DF900246360 /* mat4x4.hpp */ = {isa = PBXFileReference; fileEncoding = 4; lastKnownFileType = sourcecode.cpp.h; path = mat4x4.hpp; sourceTree = "<group>"; };
		3B9D687B21746DF900246360 /* matrix.hpp */ = {isa = PBXFileReference; fileEncoding = 4; lastKnownFileType = sourcecode.cpp.h; path = matrix.hpp; sourceTree = "<group>"; };
		3B9D687C21746DF900246360 /* packing.hpp */ = {isa = PBXFileReference; fileEncoding = 4; lastKnownFileType = sourcecode.cpp.h; path = packing.hpp; sourceTree = "<group>"; };
		3B9D687E21746DF900246360 /* common.h */ = {isa = PBXFileReference; fileEncoding = 4; lastKnownFileType = sourcecode.c.h; path = common.h; sourceTree = "<group>"; };
		3B9D687F21746DF900246360 /* exponential.h */ = {isa = PBXFileReference; fileEncoding = 4; lastKnownFileType = sourcecode.c.h; path = exponential.h; sourceTree = "<group>"; };
		3B9D688021746DF900246360 /* geometric.h */ = {isa = PBXFileReference; fileEncoding = 4; lastKnownFileType = sourcecode.c.h; path = geometric.h; sourceTree = "<group>"; };
		3B9D688121746DF900246360 /* integer.h */ = {isa = PBXFileReference; fileEncoding = 4; lastKnownFileType = sourcecode.c.h; path = integer.h; sourceTree = "<group>"; };
		3B9D688221746DF900246360 /* matrix.h */ = {isa = PBXFileReference; fileEncoding = 4; lastKnownFileType = sourcecode.c.h; path = matrix.h; sourceTree = "<group>"; };
		3B9D688321746DF900246360 /* packing.h */ = {isa = PBXFileReference; fileEncoding = 4; lastKnownFileType = sourcecode.c.h; path = packing.h; sourceTree = "<group>"; };
		3B9D688421746DF900246360 /* platform.h */ = {isa = PBXFileReference; fileEncoding = 4; lastKnownFileType = sourcecode.c.h; path = platform.h; sourceTree = "<group>"; };
		3B9D688521746DF900246360 /* trigonometric.h */ = {isa = PBXFileReference; fileEncoding = 4; lastKnownFileType = sourcecode.c.h; path = trigonometric.h; sourceTree = "<group>"; };
		3B9D688621746DF900246360 /* vector_relational.h */ = {isa = PBXFileReference; fileEncoding = 4; lastKnownFileType = sourcecode.c.h; path = vector_relational.h; sourceTree = "<group>"; };
		3B9D688721746DF900246360 /* trigonometric.hpp */ = {isa = PBXFileReference; fileEncoding = 4; lastKnownFileType = sourcecode.cpp.h; path = trigonometric.hpp; sourceTree = "<group>"; };
		3B9D688821746DF900246360 /* vec2.hpp */ = {isa = PBXFileReference; fileEncoding = 4; lastKnownFileType = sourcecode.cpp.h; path = vec2.hpp; sourceTree = "<group>"; };
		3B9D688921746DF900246360 /* vec3.hpp */ = {isa = PBXFileReference; fileEncoding = 4; lastKnownFileType = sourcecode.cpp.h; path = vec3.hpp; sourceTree = "<group>"; };
		3B9D688A21746DF900246360 /* vec4.hpp */ = {isa = PBXFileReference; fileEncoding = 4; lastKnownFileType = sourcecode.cpp.h; path = vec4.hpp; sourceTree = "<group>"; };
		3B9D688B21746DF900246360 /* vector_relational.hpp */ = {isa = PBXFileReference; fileEncoding = 4; lastKnownFileType = sourcecode.cpp.h; path = vector_relational.hpp; sourceTree = "<group>"; };
		3B9D688D21746DF900246360 /* container2.png */ = {isa = PBXFileReference; lastKnownFileType = image.png; path = container2.png; sourceTree = "<group>"; };
		3B9D688E21746DF900246360 /* container2_specular.png */ = {isa = PBXFileReference; lastKnownFileType = image.png; path = container2_specular.png; sourceTree = "<group>"; };
		3B9D688F21746DF900246360 /* fragment_bg.fs */ = {isa = PBXFileReference; fileEncoding = 4; lastKnownFileType = sourcecode.glsl; path = fragment_bg.fs; sourceTree = "<group>"; };
		3B9D689021746DF900246360 /* fragment_cube.fs */ = {isa = PBXFileReference; fileEncoding = 4; lastKnownFileType = sourcecode.glsl; path = fragment_cube.fs; sourceTree = "<group>"; };
		3B9D689121746DF900246360 /* fragment_lighting.fs */ = {isa = PBXFileReference; fileEncoding = 4; lastKnownFileType = sourcecode.glsl; path = fragment_lighting.fs; sourceTree = "<group>"; };
		3B9D689221746DF900246360 /* vertex_bg.vs */ = {isa = PBXFileReference; fileEncoding = 4; lastKnownFileType = sourcecode.glsl; path = vertex_bg.vs; sourceTree = "<group>"; };
		3B9D689321746DF900246360 /* vertex_cube.vs */ = {isa = PBXFileReference; fileEncoding = 4; lastKnownFileType = sourcecode.glsl; path = vertex_cube.vs; sourceTree = "<group>"; };
		3B9D689421746DF900246360 /* vertex_lighting.vs */ = {isa = PBXFileReference; fileEncoding = 4; lastKnownFileType = sourcecode.glsl; path = vertex_lighting.vs; sourceTree = "<group>"; };
		3B9D689721746DF900246360 /* main.cpp */ = {isa = PBXFileReference; fileEncoding = 4; lastKnownFileType = sourcecode.cpp.cpp; path = main.cpp; sourceTree = "<group>"; };
		3B9D689921746DF900246360 /* stb_image.h */ = {isa = PBXFileReference; fileEncoding = 4; lastKnownFileType = sourcecode.c.h; path = stb_image.h; sourceTree = "<group>"; };
		7E900CD52488164100723F60 /* libglfw.3.3.dylib */ = {isa = PBXFileReference; lastKnownFileType = "compiled.mach-o.dylib"; name = libglfw.3.3.dylib; path = ../../../../../usr/local/Cellar/glfw/3.3.2/lib/libglfw.3.3.dylib; sourceTree = "<group>"; };
		7E900CD92488166200723F60 /* libassimp.5.0.0.dylib */ = {isa = PBXFileReference; lastKnownFileType = "compiled.mach-o.dylib"; name = libassimp.5.0.0.dylib; path = ../../../../../usr/local/Cellar/assimp/5.0.1/lib/libassimp.5.0.0.dylib; sourceTree = "<group>"; };
/* End PBXFileReference section */

/* Begin PBXFrameworksBuildPhase section */
		3B9D675D21746B8C00246360 /* Frameworks */ = {
			isa = PBXFrameworksBuildPhase;
			buildActionMask = 2147483647;
			files = (
				3B9D677121746C6F00246360 /* OpenGL.framework in Frameworks */,
				3B9D676F21746C6600246360 /* IOKit.framework in Frameworks */,
				7E900CDA2488166200723F60 /* libassimp.5.0.0.dylib in Frameworks */,
				3B9D676D21746C5F00246360 /* CoreVideo.framework in Frameworks */,
				7E900CD62488164100723F60 /* libglfw.3.3.dylib in Frameworks */,
				3B9D676B21746C4E00246360 /* Cocoa.framework in Frameworks */,
			);
			runOnlyForDeploymentPostprocessing = 0;
		};
/* End PBXFrameworksBuildPhase section */

/* Begin PBXGroup section */
		3B9D675721746B8C00246360 = {
			isa = PBXGroup;
			children = (
				3B9D677421746DF900246360 /* glad */,
				3B9D677C21746DF900246360 /* glm */,
				3B9D689821746DF900246360 /* stb */,
				3B9D688C21746DF900246360 /* res */,
				3B9D689521746DF900246360 /* src */,
				3B9D676121746B8C00246360 /* Products */,
				3B9D677021746C6F00246360 /* OpenGL.framework */,
				3B9D676E21746C6600246360 /* IOKit.framework */,
				3B9D676C21746C5F00246360 /* CoreVideo.framework */,
				3B9D676A21746C4E00246360 /* Cocoa.framework */,
				7E54E8E424880E31001F7508 /* Frameworks */,
			);
			sourceTree = "<group>";
		};
		3B9D676121746B8C00246360 /* Products */ = {
			isa = PBXGroup;
			children = (
				3B9D676021746B8C00246360 /* model_loading */,
			);
			name = Products;
			sourceTree = "<group>";
		};
		3B9D677421746DF900246360 /* glad */ = {
			isa = PBXGroup;
			children = (
				3B9D677521746DF900246360 /* include */,
				3B9D677A21746DF900246360 /* src */,
			);
			path = glad;
			sourceTree = "<group>";
		};
		3B9D677521746DF900246360 /* include */ = {
			isa = PBXGroup;
			children = (
				3B9D677621746DF900246360 /* glad */,
				3B9D677821746DF900246360 /* KHR */,
			);
			path = include;
			sourceTree = "<group>";
		};
		3B9D677621746DF900246360 /* glad */ = {
			isa = PBXGroup;
			children = (
				3B9D677721746DF900246360 /* glad.h */,
			);
			path = glad;
			sourceTree = "<group>";
		};
		3B9D677821746DF900246360 /* KHR */ = {
			isa = PBXGroup;
			children = (
				3B9D677921746DF900246360 /* khrplatform.h */,
			);
			path = KHR;
			sourceTree = "<group>";
		};
		3B9D677A21746DF900246360 /* src */ = {
			isa = PBXGroup;
			children = (
				3B9D677B21746DF900246360 /* glad.c */,
			);
			path = src;
			sourceTree = "<group>";
		};
		3B9D677C21746DF900246360 /* glm */ = {
			isa = PBXGroup;
			children = (
				3B9D677D21746DF900246360 /* glm */,
			);
			path = glm;
			sourceTree = "<group>";
		};
		3B9D677D21746DF900246360 /* glm */ = {
			isa = PBXGroup;
			children = (
				3B9D677E21746DF900246360 /* CMakeLists.txt */,
				3B9D677F21746DF900246360 /* common.hpp */,
				3B9D678021746DF900246360 /* detail */,
				3B9D67C221746DF900246360 /* exponential.hpp */,
				3B9D67C321746DF900246360 /* ext */,
				3B9D67C821746DF900246360 /* ext.hpp */,
				3B9D67C921746DF900246360 /* fwd.hpp */,
				3B9D67CA21746DF900246360 /* geometric.hpp */,
				3B9D67CB21746DF900246360 /* glm.hpp */,
				3B9D67CC21746DF900246360 /* gtc */,
				3B9D67F421746DF900246360 /* gtx */,
				3B9D687121746DF900246360 /* integer.hpp */,
				3B9D687221746DF900246360 /* mat2x2.hpp */,
				3B9D687321746DF900246360 /* mat2x3.hpp */,
				3B9D687421746DF900246360 /* mat2x4.hpp */,
				3B9D687521746DF900246360 /* mat3x2.hpp */,
				3B9D687621746DF900246360 /* mat3x3.hpp */,
				3B9D687721746DF900246360 /* mat3x4.hpp */,
				3B9D687821746DF900246360 /* mat4x2.hpp */,
				3B9D687921746DF900246360 /* mat4x3.hpp */,
				3B9D687A21746DF900246360 /* mat4x4.hpp */,
				3B9D687B21746DF900246360 /* matrix.hpp */,
				3B9D687C21746DF900246360 /* packing.hpp */,
				3B9D687D21746DF900246360 /* simd */,
				3B9D688721746DF900246360 /* trigonometric.hpp */,
				3B9D688821746DF900246360 /* vec2.hpp */,
				3B9D688921746DF900246360 /* vec3.hpp */,
				3B9D688A21746DF900246360 /* vec4.hpp */,
				3B9D688B21746DF900246360 /* vector_relational.hpp */,
			);
			path = glm;
			sourceTree = "<group>";
		};
		3B9D678021746DF900246360 /* detail */ = {
			isa = PBXGroup;
			children = (
				3B9D678121746DF900246360 /* _features.hpp */,
				3B9D678221746DF900246360 /* _fixes.hpp */,
				3B9D678321746DF900246360 /* _noise.hpp */,
				3B9D678421746DF900246360 /* _swizzle.hpp */,
				3B9D678521746DF900246360 /* _swizzle_func.hpp */,
				3B9D678621746DF900246360 /* _vectorize.hpp */,
				3B9D678721746DF900246360 /* compute_vector_relational.hpp */,
				3B9D678821746DF900246360 /* dummy.cpp */,
				3B9D678921746DF900246360 /* func_common.inl */,
				3B9D678A21746DF900246360 /* func_common_simd.inl */,
				3B9D678B21746DF900246360 /* func_exponential.inl */,
				3B9D678C21746DF900246360 /* func_exponential_simd.inl */,
				3B9D678D21746DF900246360 /* func_geometric.inl */,
				3B9D678E21746DF900246360 /* func_geometric_simd.inl */,
				3B9D678F21746DF900246360 /* func_integer.inl */,
				3B9D679021746DF900246360 /* func_integer_simd.inl */,
				3B9D679121746DF900246360 /* func_matrix.inl */,
				3B9D679221746DF900246360 /* func_matrix_simd.inl */,
				3B9D679321746DF900246360 /* func_packing.inl */,
				3B9D679421746DF900246360 /* func_packing_simd.inl */,
				3B9D679521746DF900246360 /* func_trigonometric.inl */,
				3B9D679621746DF900246360 /* func_trigonometric_simd.inl */,
				3B9D679721746DF900246360 /* func_vector_relational.inl */,
				3B9D679821746DF900246360 /* func_vector_relational_simd.inl */,
				3B9D679921746DF900246360 /* glm.cpp */,
				3B9D679A21746DF900246360 /* qualifier.hpp */,
				3B9D679B21746DF900246360 /* setup.hpp */,
				3B9D679C21746DF900246360 /* type_float.hpp */,
				3B9D679D21746DF900246360 /* type_gentype.hpp */,
				3B9D679E21746DF900246360 /* type_gentype.inl */,
				3B9D679F21746DF900246360 /* type_half.hpp */,
				3B9D67A021746DF900246360 /* type_half.inl */,
				3B9D67A121746DF900246360 /* type_int.hpp */,
				3B9D67A221746DF900246360 /* type_mat.hpp */,
				3B9D67A321746DF900246360 /* type_mat.inl */,
				3B9D67A421746DF900246360 /* type_mat2x2.hpp */,
				3B9D67A521746DF900246360 /* type_mat2x2.inl */,
				3B9D67A621746DF900246360 /* type_mat2x3.hpp */,
				3B9D67A721746DF900246360 /* type_mat2x3.inl */,
				3B9D67A821746DF900246360 /* type_mat2x4.hpp */,
				3B9D67A921746DF900246360 /* type_mat2x4.inl */,
				3B9D67AA21746DF900246360 /* type_mat3x2.hpp */,
				3B9D67AB21746DF900246360 /* type_mat3x2.inl */,
				3B9D67AC21746DF900246360 /* type_mat3x3.hpp */,
				3B9D67AD21746DF900246360 /* type_mat3x3.inl */,
				3B9D67AE21746DF900246360 /* type_mat3x4.hpp */,
				3B9D67AF21746DF900246360 /* type_mat3x4.inl */,
				3B9D67B021746DF900246360 /* type_mat4x2.hpp */,
				3B9D67B121746DF900246360 /* type_mat4x2.inl */,
				3B9D67B221746DF900246360 /* type_mat4x3.hpp */,
				3B9D67B321746DF900246360 /* type_mat4x3.inl */,
				3B9D67B421746DF900246360 /* type_mat4x4.hpp */,
				3B9D67B521746DF900246360 /* type_mat4x4.inl */,
				3B9D67B621746DF900246360 /* type_mat4x4_simd.inl */,
				3B9D67B721746DF900246360 /* type_vec.hpp */,
				3B9D67B821746DF900246360 /* type_vec.inl */,
				3B9D67B921746DF900246360 /* type_vec1.hpp */,
				3B9D67BA21746DF900246360 /* type_vec1.inl */,
				3B9D67BB21746DF900246360 /* type_vec2.hpp */,
				3B9D67BC21746DF900246360 /* type_vec2.inl */,
				3B9D67BD21746DF900246360 /* type_vec3.hpp */,
				3B9D67BE21746DF900246360 /* type_vec3.inl */,
				3B9D67BF21746DF900246360 /* type_vec4.hpp */,
				3B9D67C021746DF900246360 /* type_vec4.inl */,
				3B9D67C121746DF900246360 /* type_vec4_simd.inl */,
			);
			path = detail;
			sourceTree = "<group>";
		};
		3B9D67C321746DF900246360 /* ext */ = {
			isa = PBXGroup;
			children = (
				3B9D67C421746DF900246360 /* vec1.hpp */,
				3B9D67C521746DF900246360 /* vec1.inl */,
				3B9D67C621746DF900246360 /* vector_relational.hpp */,
				3B9D67C721746DF900246360 /* vector_relational.inl */,
			);
			path = ext;
			sourceTree = "<group>";
		};
		3B9D67CC21746DF900246360 /* gtc */ = {
			isa = PBXGroup;
			children = (
				3B9D67CD21746DF900246360 /* bitfield.hpp */,
				3B9D67CE21746DF900246360 /* bitfield.inl */,
				3B9D67CF21746DF900246360 /* color_space.hpp */,
				3B9D67D021746DF900246360 /* color_space.inl */,
				3B9D67D121746DF900246360 /* constants.hpp */,
				3B9D67D221746DF900246360 /* constants.inl */,
				3B9D67D321746DF900246360 /* epsilon.hpp */,
				3B9D67D421746DF900246360 /* epsilon.inl */,
				3B9D67D521746DF900246360 /* integer.hpp */,
				3B9D67D621746DF900246360 /* integer.inl */,
				3B9D67D721746DF900246360 /* matrix_access.hpp */,
				3B9D67D821746DF900246360 /* matrix_access.inl */,
				3B9D67D921746DF900246360 /* matrix_integer.hpp */,
				3B9D67DA21746DF900246360 /* matrix_inverse.hpp */,
				3B9D67DB21746DF900246360 /* matrix_inverse.inl */,
				3B9D67DC21746DF900246360 /* matrix_transform.hpp */,
				3B9D67DD21746DF900246360 /* matrix_transform.inl */,
				3B9D67DE21746DF900246360 /* noise.hpp */,
				3B9D67DF21746DF900246360 /* noise.inl */,
				3B9D67E021746DF900246360 /* packing.hpp */,
				3B9D67E121746DF900246360 /* packing.inl */,
				3B9D67E221746DF900246360 /* quaternion.hpp */,
				3B9D67E321746DF900246360 /* quaternion.inl */,
				3B9D67E421746DF900246360 /* quaternion_simd.inl */,
				3B9D67E521746DF900246360 /* random.hpp */,
				3B9D67E621746DF900246360 /* random.inl */,
				3B9D67E721746DF900246360 /* reciprocal.hpp */,
				3B9D67E821746DF900246360 /* reciprocal.inl */,
				3B9D67E921746DF900246360 /* round.hpp */,
				3B9D67EA21746DF900246360 /* round.inl */,
				3B9D67EB21746DF900246360 /* type_aligned.hpp */,
				3B9D67EC21746DF900246360 /* type_precision.hpp */,
				3B9D67ED21746DF900246360 /* type_precision.inl */,
				3B9D67EE21746DF900246360 /* type_ptr.hpp */,
				3B9D67EF21746DF900246360 /* type_ptr.inl */,
				3B9D67F021746DF900246360 /* ulp.hpp */,
				3B9D67F121746DF900246360 /* ulp.inl */,
				3B9D67F221746DF900246360 /* vec1.hpp */,
				3B9D67F321746DF900246360 /* vec1.inl */,
			);
			path = gtc;
			sourceTree = "<group>";
		};
		3B9D67F421746DF900246360 /* gtx */ = {
			isa = PBXGroup;
			children = (
				3B9D67F521746DF900246360 /* associated_min_max.hpp */,
				3B9D67F621746DF900246360 /* associated_min_max.inl */,
				3B9D67F721746DF900246360 /* bit.hpp */,
				3B9D67F821746DF900246360 /* bit.inl */,
				3B9D67F921746DF900246360 /* closest_point.hpp */,
				3B9D67FA21746DF900246360 /* closest_point.inl */,
				3B9D67FB21746DF900246360 /* color_encoding.hpp */,
				3B9D67FC21746DF900246360 /* color_encoding.inl */,
				3B9D67FD21746DF900246360 /* color_space.hpp */,
				3B9D67FE21746DF900246360 /* color_space.inl */,
				3B9D67FF21746DF900246360 /* color_space_YCoCg.hpp */,
				3B9D680021746DF900246360 /* color_space_YCoCg.inl */,
				3B9D680121746DF900246360 /* common.hpp */,
				3B9D680221746DF900246360 /* common.inl */,
				3B9D680321746DF900246360 /* compatibility.hpp */,
				3B9D680421746DF900246360 /* compatibility.inl */,
				3B9D680521746DF900246360 /* component_wise.hpp */,
				3B9D680621746DF900246360 /* component_wise.inl */,
				3B9D680721746DF900246360 /* dual_quaternion.hpp */,
				3B9D680821746DF900246360 /* dual_quaternion.inl */,
				3B9D680921746DF900246360 /* easing.hpp */,
				3B9D680A21746DF900246360 /* easing.inl */,
				3B9D680B21746DF900246360 /* euler_angles.hpp */,
				3B9D680C21746DF900246360 /* euler_angles.inl */,
				3B9D680D21746DF900246360 /* extend.hpp */,
				3B9D680E21746DF900246360 /* extend.inl */,
				3B9D680F21746DF900246360 /* extended_min_max.hpp */,
				3B9D681021746DF900246360 /* extended_min_max.inl */,
				3B9D681121746DF900246360 /* exterior_product.hpp */,
				3B9D681221746DF900246360 /* exterior_product.inl */,
				3B9D681321746DF900246360 /* fast_exponential.hpp */,
				3B9D681421746DF900246360 /* fast_exponential.inl */,
				3B9D681521746DF900246360 /* fast_square_root.hpp */,
				3B9D681621746DF900246360 /* fast_square_root.inl */,
				3B9D681721746DF900246360 /* fast_trigonometry.hpp */,
				3B9D681821746DF900246360 /* fast_trigonometry.inl */,
				3B9D681921746DF900246360 /* float_notmalize.inl */,
				3B9D681A21746DF900246360 /* functions.hpp */,
				3B9D681B21746DF900246360 /* functions.inl */,
				3B9D681C21746DF900246360 /* gradient_paint.hpp */,
				3B9D681D21746DF900246360 /* gradient_paint.inl */,
				3B9D681E21746DF900246360 /* handed_coordinate_space.hpp */,
				3B9D681F21746DF900246360 /* handed_coordinate_space.inl */,
				3B9D682021746DF900246360 /* hash.hpp */,
				3B9D682121746DF900246360 /* hash.inl */,
				3B9D682221746DF900246360 /* integer.hpp */,
				3B9D682321746DF900246360 /* integer.inl */,
				3B9D682421746DF900246360 /* intersect.hpp */,
				3B9D682521746DF900246360 /* intersect.inl */,
				3B9D682621746DF900246360 /* io.hpp */,
				3B9D682721746DF900246360 /* io.inl */,
				3B9D682821746DF900246360 /* log_base.hpp */,
				3B9D682921746DF900246360 /* log_base.inl */,
				3B9D682A21746DF900246360 /* matrix_cross_product.hpp */,
				3B9D682B21746DF900246360 /* matrix_cross_product.inl */,
				3B9D682C21746DF900246360 /* matrix_decompose.hpp */,
				3B9D682D21746DF900246360 /* matrix_decompose.inl */,
				3B9D682E21746DF900246360 /* matrix_factorisation.hpp */,
				3B9D682F21746DF900246360 /* matrix_factorisation.inl */,
				3B9D683021746DF900246360 /* matrix_interpolation.hpp */,
				3B9D683121746DF900246360 /* matrix_interpolation.inl */,
				3B9D683221746DF900246360 /* matrix_major_storage.hpp */,
				3B9D683321746DF900246360 /* matrix_major_storage.inl */,
				3B9D683421746DF900246360 /* matrix_operation.hpp */,
				3B9D683521746DF900246360 /* matrix_operation.inl */,
				3B9D683621746DF900246360 /* matrix_query.hpp */,
				3B9D683721746DF900246360 /* matrix_query.inl */,
				3B9D683821746DF900246360 /* matrix_transform_2d.hpp */,
				3B9D683921746DF900246360 /* matrix_transform_2d.inl */,
				3B9D683A21746DF900246360 /* mixed_product.hpp */,
				3B9D683B21746DF900246360 /* mixed_product.inl */,
				3B9D683C21746DF900246360 /* norm.hpp */,
				3B9D683D21746DF900246360 /* norm.inl */,
				3B9D683E21746DF900246360 /* normal.hpp */,
				3B9D683F21746DF900246360 /* normal.inl */,
				3B9D684021746DF900246360 /* normalize_dot.hpp */,
				3B9D684121746DF900246360 /* normalize_dot.inl */,
				3B9D684221746DF900246360 /* number_precision.hpp */,
				3B9D684321746DF900246360 /* number_precision.inl */,
				3B9D684421746DF900246360 /* optimum_pow.hpp */,
				3B9D684521746DF900246360 /* optimum_pow.inl */,
				3B9D684621746DF900246360 /* orthonormalize.hpp */,
				3B9D684721746DF900246360 /* orthonormalize.inl */,
				3B9D684821746DF900246360 /* perpendicular.hpp */,
				3B9D684921746DF900246360 /* perpendicular.inl */,
				3B9D684A21746DF900246360 /* polar_coordinates.hpp */,
				3B9D684B21746DF900246360 /* polar_coordinates.inl */,
				3B9D684C21746DF900246360 /* projection.hpp */,
				3B9D684D21746DF900246360 /* projection.inl */,
				3B9D684E21746DF900246360 /* quaternion.hpp */,
				3B9D684F21746DF900246360 /* quaternion.inl */,
				3B9D685021746DF900246360 /* range.hpp */,
				3B9D685121746DF900246360 /* raw_data.hpp */,
				3B9D685221746DF900246360 /* raw_data.inl */,
				3B9D685321746DF900246360 /* rotate_normalized_axis.hpp */,
				3B9D685421746DF900246360 /* rotate_normalized_axis.inl */,
				3B9D685521746DF900246360 /* rotate_vector.hpp */,
				3B9D685621746DF900246360 /* rotate_vector.inl */,
				3B9D685721746DF900246360 /* scalar_multiplication.hpp */,
				3B9D685821746DF900246360 /* scalar_relational.hpp */,
				3B9D685921746DF900246360 /* scalar_relational.inl */,
				3B9D685A21746DF900246360 /* spline.hpp */,
				3B9D685B21746DF900246360 /* spline.inl */,
				3B9D685C21746DF900246360 /* std_based_type.hpp */,
				3B9D685D21746DF900246360 /* std_based_type.inl */,
				3B9D685E21746DF900246360 /* string_cast.hpp */,
				3B9D685F21746DF900246360 /* string_cast.inl */,
				3B9D686021746DF900246360 /* texture.hpp */,
				3B9D686121746DF900246360 /* texture.inl */,
				3B9D686221746DF900246360 /* transform.hpp */,
				3B9D686321746DF900246360 /* transform.inl */,
				3B9D686421746DF900246360 /* transform2.hpp */,
				3B9D686521746DF900246360 /* transform2.inl */,
				3B9D686621746DF900246360 /* type_aligned.hpp */,
				3B9D686721746DF900246360 /* type_aligned.inl */,
				3B9D686821746DF900246360 /* type_trait.hpp */,
				3B9D686921746DF900246360 /* type_trait.inl */,
				3B9D686A21746DF900246360 /* vec_swizzle.hpp */,
				3B9D686B21746DF900246360 /* vector_angle.hpp */,
				3B9D686C21746DF900246360 /* vector_angle.inl */,
				3B9D686D21746DF900246360 /* vector_query.hpp */,
				3B9D686E21746DF900246360 /* vector_query.inl */,
				3B9D686F21746DF900246360 /* wrap.hpp */,
				3B9D687021746DF900246360 /* wrap.inl */,
			);
			path = gtx;
			sourceTree = "<group>";
		};
		3B9D687D21746DF900246360 /* simd */ = {
			isa = PBXGroup;
			children = (
				3B9D687E21746DF900246360 /* common.h */,
				3B9D687F21746DF900246360 /* exponential.h */,
				3B9D688021746DF900246360 /* geometric.h */,
				3B9D688121746DF900246360 /* integer.h */,
				3B9D688221746DF900246360 /* matrix.h */,
				3B9D688321746DF900246360 /* packing.h */,
				3B9D688421746DF900246360 /* platform.h */,
				3B9D688521746DF900246360 /* trigonometric.h */,
				3B9D688621746DF900246360 /* vector_relational.h */,
			);
			path = simd;
			sourceTree = "<group>";
		};
		3B9D688C21746DF900246360 /* res */ = {
			isa = PBXGroup;
			children = (
				3B9D688D21746DF900246360 /* container2.png */,
				3B9D688E21746DF900246360 /* container2_specular.png */,
				3B9D688F21746DF900246360 /* fragment_bg.fs */,
				3B9D689021746DF900246360 /* fragment_cube.fs */,
				3B9D689121746DF900246360 /* fragment_lighting.fs */,
				3B9D689221746DF900246360 /* vertex_bg.vs */,
				3B9D689321746DF900246360 /* vertex_cube.vs */,
				3B9D689421746DF900246360 /* vertex_lighting.vs */,
			);
			path = res;
			sourceTree = "<group>";
		};
		3B9D689521746DF900246360 /* src */ = {
			isa = PBXGroup;
			children = (
				3B2796C021748D5800C6DA28 /* FileHelper.cpp */,
				3B2796C121748D5800C6DA28 /* FileHelper.hpp */,
				3B2796BF21748C2A00C6DA28 /* Define.hpp */,
				3B9D689721746DF900246360 /* main.cpp */,
				3B2D90EB21748468003AD76C /* Shader.cpp */,
				3B2D90EC21748468003AD76C /* Shader.hpp */,
				3B2796C62175965100C6DA28 /* RandomHelper.cpp */,
				3B2796C72175965100C6DA28 /* RandomHelper.hpp */,
				3B2796C92175D43900C6DA28 /* Camera.cpp */,
				3B2796CA2175D43900C6DA28 /* Camera.hpp */,
				3B2796CF217983D200C6DA28 /* Mesh.cpp */,
				3B2796D0217983D200C6DA28 /* Mesh.hpp */,
				3B2797082179BD9600C6DA28 /* Model.cpp */,
				3B2797092179BD9600C6DA28 /* Model.hpp */,
				3B2796D5217985BD00C6DA28 /* Texture.cpp */,
				3B2796D6217985BD00C6DA28 /* Texture.hpp */,
				3B2796D22179855B00C6DA28 /* TextureMgr.cpp */,
				3B2796D32179855B00C6DA28 /* TextureMgr.hpp */,
				3B27970B217D748D00C6DA28 /* CameraMgr.cpp */,
				3B27970C217D748D00C6DA28 /* CameraMgr.hpp */,
			);
			path = src;
			sourceTree = "<group>";
		};
		3B9D689821746DF900246360 /* stb */ = {
			isa = PBXGroup;
			children = (
				3B9D689921746DF900246360 /* stb_image.h */,
			);
			path = stb;
			sourceTree = "<group>";
		};
		7E54E8E424880E31001F7508 /* Frameworks */ = {
			isa = PBXGroup;
			children = (
				7E900CD92488166200723F60 /* libassimp.5.0.0.dylib */,
				7E900CD52488164100723F60 /* libglfw.3.3.dylib */,
			);
			name = Frameworks;
			sourceTree = "<group>";
		};
/* End PBXGroup section */

/* Begin PBXNativeTarget section */
		3B9D675F21746B8C00246360 /* model_loading */ = {
			isa = PBXNativeTarget;
			buildConfigurationList = 3B9D676721746B8C00246360 /* Build configuration list for PBXNativeTarget "model_loading" */;
			buildPhases = (
				3B9D675C21746B8C00246360 /* Sources */,
				3B9D675D21746B8C00246360 /* Frameworks */,
				3B9D675E21746B8C00246360 /* CopyFiles */,
				7E900CD82488164100723F60 /* Embed Libraries */,
			);
			buildRules = (
			);
			dependencies = (
			);
			name = model_loading;
			productName = model_loading;
			productReference = 3B9D676021746B8C00246360 /* model_loading */;
			productType = "com.apple.product-type.tool";
		};
/* End PBXNativeTarget section */

/* Begin PBXProject section */
		3B9D675821746B8C00246360 /* Project object */ = {
			isa = PBXProject;
			attributes = {
				LastUpgradeCheck = 0730;
				ORGANIZATIONNAME = lam;
				TargetAttributes = {
					3B9D675F21746B8C00246360 = {
						CreatedOnToolsVersion = 7.3.1;
					};
				};
			};
			buildConfigurationList = 3B9D675B21746B8C00246360 /* Build configuration list for PBXProject "model_loading" */;
			compatibilityVersion = "Xcode 3.2";
			developmentRegion = English;
			hasScannedForEncodings = 0;
			knownRegions = (
				English,
				en,
			);
			mainGroup = 3B9D675721746B8C00246360;
			productRefGroup = 3B9D676121746B8C00246360 /* Products */;
			projectDirPath = "";
			projectRoot = "";
			targets = (
				3B9D675F21746B8C00246360 /* model_loading */,
			);
		};
/* End PBXProject section */

/* Begin PBXSourcesBuildPhase section */
		3B9D675C21746B8C00246360 /* Sources */ = {
			isa = PBXSourcesBuildPhase;
			buildActionMask = 2147483647;
			files = (
				3B2796D1217983D200C6DA28 /* Mesh.cpp in Sources */,
				3B9D689C21746DF900246360 /* glm.cpp in Sources */,
				3B27970D217D748D00C6DA28 /* CameraMgr.cpp in Sources */,
				3B2796C221748D5800C6DA28 /* FileHelper.cpp in Sources */,
				3B27970A2179BD9600C6DA28 /* Model.cpp in Sources */,
				3B2796C82175965100C6DA28 /* RandomHelper.cpp in Sources */,
				3B9D689B21746DF900246360 /* dummy.cpp in Sources */,
				3B2796CB2175D43900C6DA28 /* Camera.cpp in Sources */,
				3B2796D42179855B00C6DA28 /* TextureMgr.cpp in Sources */,
				3B9D689D21746DF900246360 /* main.cpp in Sources */,
				3B9D689A21746DF900246360 /* glad.c in Sources */,
				3B2D90ED21748468003AD76C /* Shader.cpp in Sources */,
				3B2796D7217985BD00C6DA28 /* Texture.cpp in Sources */,
			);
			runOnlyForDeploymentPostprocessing = 0;
		};
/* End PBXSourcesBuildPhase section */

/* Begin XCBuildConfiguration section */
		3B9D676521746B8C00246360 /* Debug */ = {
			isa = XCBuildConfiguration;
			buildSettings = {
				ALWAYS_SEARCH_USER_PATHS = NO;
				CLANG_ANALYZER_NONNULL = YES;
				CLANG_CXX_LANGUAGE_STANDARD = "gnu++0x";
				CLANG_CXX_LIBRARY = "libc++";
				CLANG_ENABLE_MODULES = YES;
				CLANG_ENABLE_OBJC_ARC = YES;
				CLANG_WARN_BOOL_CONVERSION = YES;
				CLANG_WARN_CONSTANT_CONVERSION = YES;
				CLANG_WARN_DIRECT_OBJC_ISA_USAGE = YES_ERROR;
				CLANG_WARN_EMPTY_BODY = YES;
				CLANG_WARN_ENUM_CONVERSION = YES;
				CLANG_WARN_INT_CONVERSION = YES;
				CLANG_WARN_OBJC_ROOT_CLASS = YES_ERROR;
				CLANG_WARN_UNREACHABLE_CODE = YES;
				CLANG_WARN__DUPLICATE_METHOD_MATCH = YES;
				CODE_SIGN_IDENTITY = "-";
				COPY_PHASE_STRIP = NO;
				DEBUG_INFORMATION_FORMAT = dwarf;
				ENABLE_STRICT_OBJC_MSGSEND = YES;
				ENABLE_TESTABILITY = YES;
				GCC_C_LANGUAGE_STANDARD = gnu99;
				GCC_DYNAMIC_NO_PIC = NO;
				GCC_NO_COMMON_BLOCKS = YES;
				GCC_OPTIMIZATION_LEVEL = 0;
				GCC_PREPROCESSOR_DEFINITIONS = (
					"DEBUG=1",
					"$(inherited)",
				);
				GCC_WARN_64_TO_32_BIT_CONVERSION = YES;
				GCC_WARN_ABOUT_RETURN_TYPE = YES_ERROR;
				GCC_WARN_UNDECLARED_SELECTOR = YES;
				GCC_WARN_UNINITIALIZED_AUTOS = YES_AGGRESSIVE;
				GCC_WARN_UNUSED_FUNCTION = YES;
				GCC_WARN_UNUSED_VARIABLE = YES;
				MACOSX_DEPLOYMENT_TARGET = 10.11;
				MTL_ENABLE_DEBUG_INFO = YES;
				ONLY_ACTIVE_ARCH = YES;
				SDKROOT = macosx;
			};
			name = Debug;
		};
		3B9D676621746B8C00246360 /* Release */ = {
			isa = XCBuildConfiguration;
			buildSettings = {
				ALWAYS_SEARCH_USER_PATHS = NO;
				CLANG_ANALYZER_NONNULL = YES;
				CLANG_CXX_LANGUAGE_STANDARD = "gnu++0x";
				CLANG_CXX_LIBRARY = "libc++";
				CLANG_ENABLE_MODULES = YES;
				CLANG_ENABLE_OBJC_ARC = YES;
				CLANG_WARN_BOOL_CONVERSION = YES;
				CLANG_WARN_CONSTANT_CONVERSION = YES;
				CLANG_WARN_DIRECT_OBJC_ISA_USAGE = YES_ERROR;
				CLANG_WARN_EMPTY_BODY = YES;
				CLANG_WARN_ENUM_CONVERSION = YES;
				CLANG_WARN_INT_CONVERSION = YES;
				CLANG_WARN_OBJC_ROOT_CLASS = YES_ERROR;
				CLANG_WARN_UNREACHABLE_CODE = YES;
				CLANG_WARN__DUPLICATE_METHOD_MATCH = YES;
				CODE_SIGN_IDENTITY = "-";
				COPY_PHASE_STRIP = NO;
				DEBUG_INFORMATION_FORMAT = "dwarf-with-dsym";
				ENABLE_NS_ASSERTIONS = NO;
				ENABLE_STRICT_OBJC_MSGSEND = YES;
				GCC_C_LANGUAGE_STANDARD = gnu99;
				GCC_NO_COMMON_BLOCKS = YES;
				GCC_WARN_64_TO_32_BIT_CONVERSION = YES;
				GCC_WARN_ABOUT_RETURN_TYPE = YES_ERROR;
				GCC_WARN_UNDECLARED_SELECTOR = YES;
				GCC_WARN_UNINITIALIZED_AUTOS = YES_AGGRESSIVE;
				GCC_WARN_UNUSED_FUNCTION = YES;
				GCC_WARN_UNUSED_VARIABLE = YES;
				MACOSX_DEPLOYMENT_TARGET = 10.11;
				MTL_ENABLE_DEBUG_INFO = NO;
				SDKROOT = macosx;
			};
			name = Release;
		};
		3B9D676821746B8C00246360 /* Debug */ = {
			isa = XCBuildConfiguration;
			buildSettings = {
				ALWAYS_SEARCH_USER_PATHS = YES;
				LIBRARY_SEARCH_PATHS = (
					"$(inherited)",
					/usr/local/Cellar/glfw/3.3.2/lib,
					/usr/local/Cellar/assimp/5.0.1/lib,
				);
				PRODUCT_NAME = "$(TARGET_NAME)";
				USER_HEADER_SEARCH_PATHS = "/usr/local/Cellar/glfw/3.3.2/include /usr/local/Cellar/assimp/5.0.1/include /Users/zlam/Workspace/LearnOpenGL/model_loading/glad/include /Users/zlam/Workspace/LearnOpenGL/model_loading/glm /Users/zlam/Workspace/LearnOpenGL/model_loading/stb";
			};
			name = Debug;
		};
		3B9D676921746B8C00246360 /* Release */ = {
			isa = XCBuildConfiguration;
			buildSettings = {
				ALWAYS_SEARCH_USER_PATHS = YES;
				LIBRARY_SEARCH_PATHS = (
					"$(inherited)",
					/usr/local/Cellar/glfw/3.3.2/lib,
					/usr/local/Cellar/assimp/5.0.1/lib,
				);
				PRODUCT_NAME = "$(TARGET_NAME)";
				USER_HEADER_SEARCH_PATHS = "/usr/local/Cellar/glfw/3.3.2/include /usr/local/Cellar/assimp/5.0.1/include /Users/zlam/Workspace/LearnOpenGL/model_loading/glad/include /Users/zlam/Workspace/LearnOpenGL/model_loading/glm /Users/zlam/Workspace/LearnOpenGL/model_loading/stb";
			};
			name = Release;
		};
/* End XCBuildConfiguration section */

/* Begin XCConfigurationList section */
		3B9D675B21746B8C00246360 /* Build configuration list for PBXProject "model_loading" */ = {
			isa = XCConfigurationList;
			buildConfigurations = (
				3B9D676521746B8C00246360 /* Debug */,
				3B9D676621746B8C00246360 /* Release */,
			);
			defaultConfigurationIsVisible = 0;
			defaultConfigurationName = Release;
		};
		3B9D676721746B8C00246360 /* Build configuration list for PBXNativeTarget "model_loading" */ = {
			isa = XCConfigurationList;
			buildConfigurations = (
				3B9D676821746B8C00246360 /* Debug */,
				3B9D676921746B8C00246360 /* Release */,
			);
			defaultConfigurationIsVisible = 0;
			defaultConfigurationName = Release;
		};
/* End XCConfigurationList section */
	};
	rootObject = 3B9D675821746B8C00246360 /* Project object */;
}
